// !$*UTF8*$!
{
	archiveVersion = 1;
	classes = {
	};
	objectVersion = 46;
	objects = {

/* Begin PBXBuildFile section */
		03C5FB131E203325003C40B8 /* Packet.swift in Sources */ = {isa = PBXBuildFile; fileRef = 03C5FB121E203325003C40B8 /* Packet.swift */; };
		B205A9181D49D67700EA178D /* Service.swift in Sources */ = {isa = PBXBuildFile; fileRef = B205A9171D49D67700EA178D /* Service.swift */; };
		B205A91A1D49D68500EA178D /* GitHub.swift in Sources */ = {isa = PBXBuildFile; fileRef = B205A9191D49D68500EA178D /* GitHub.swift */; };
		B213A1771DC97E2B008E8E58 /* ServiceTableViewController.swift in Sources */ = {isa = PBXBuildFile; fileRef = B213A1761DC97E2B008E8E58 /* ServiceTableViewController.swift */; };
		B213A1791DC9EA25008E8E58 /* ServiceTableRowView.swift in Sources */ = {isa = PBXBuildFile; fileRef = B213A1781DC9EA25008E8E58 /* ServiceTableRowView.swift */; };
		B22600311E1562E700EBDD40 /* MediaTemple.swift in Sources */ = {isa = PBXBuildFile; fileRef = B22600301E1562E700EBDD40 /* MediaTemple.swift */; };
		B23038F11E0DF3CC00B29095 /* Beanstalk.swift in Sources */ = {isa = PBXBuildFile; fileRef = B23038F01E0DF3CC00B29095 /* Beanstalk.swift */; };
		B235B3BD1DF562C400821936 /* SettingsView.swift in Sources */ = {isa = PBXBuildFile; fileRef = B235B3BC1DF562C400821936 /* SettingsView.swift */; };
		B23D4E6D1E13471200B04F18 /* Intercom.swift in Sources */ = {isa = PBXBuildFile; fileRef = B23D4E6C1E13471200B04F18 /* Intercom.swift */; };
		B23D4E6F1E13475900B04F18 /* KeenIO.swift in Sources */ = {isa = PBXBuildFile; fileRef = B23D4E6E1E13475900B04F18 /* KeenIO.swift */; };
		B2493EF71E26023600556A83 /* GoogleAppEngine.swift in Sources */ = {isa = PBXBuildFile; fileRef = B2493EE91E26023600556A83 /* GoogleAppEngine.swift */; };
		B2493EF81E26023600556A83 /* GoogleBigQuery.swift in Sources */ = {isa = PBXBuildFile; fileRef = B2493EEA1E26023600556A83 /* GoogleBigQuery.swift */; };
		B2493EF91E26023600556A83 /* GoogleCloudBigtable.swift in Sources */ = {isa = PBXBuildFile; fileRef = B2493EEB1E26023600556A83 /* GoogleCloudBigtable.swift */; };
		B2493EFA1E26023600556A83 /* GoogleCloudConsole.swift in Sources */ = {isa = PBXBuildFile; fileRef = B2493EEC1E26023600556A83 /* GoogleCloudConsole.swift */; };
		B2493EFB1E26023600556A83 /* GoogleCloudDataflow.swift in Sources */ = {isa = PBXBuildFile; fileRef = B2493EED1E26023600556A83 /* GoogleCloudDataflow.swift */; };
		B2493EFC1E26023600556A83 /* GoogleCloudDataproc.swift in Sources */ = {isa = PBXBuildFile; fileRef = B2493EEE1E26023600556A83 /* GoogleCloudDataproc.swift */; };
		B2493EFD1E26023600556A83 /* GoogleCloudDatastore.swift in Sources */ = {isa = PBXBuildFile; fileRef = B2493EEF1E26023600556A83 /* GoogleCloudDatastore.swift */; };
		B2493EFE1E26023600556A83 /* GoogleCloudDNS.swift in Sources */ = {isa = PBXBuildFile; fileRef = B2493EF01E26023600556A83 /* GoogleCloudDNS.swift */; };
		B2493EFF1E26023600556A83 /* GoogleCloudPubSub.swift in Sources */ = {isa = PBXBuildFile; fileRef = B2493EF11E26023600556A83 /* GoogleCloudPubSub.swift */; };
		B2493F001E26023600556A83 /* GoogleCloudSQL.swift in Sources */ = {isa = PBXBuildFile; fileRef = B2493EF21E26023600556A83 /* GoogleCloudSQL.swift */; };
		B2493F011E26023600556A83 /* GoogleCloudStorage.swift in Sources */ = {isa = PBXBuildFile; fileRef = B2493EF31E26023600556A83 /* GoogleCloudStorage.swift */; };
		B2493F021E26023600556A83 /* GoogleComputeEngine.swift in Sources */ = {isa = PBXBuildFile; fileRef = B2493EF41E26023600556A83 /* GoogleComputeEngine.swift */; };
		B2493F031E26023600556A83 /* GoogleContainerEngine.swift in Sources */ = {isa = PBXBuildFile; fileRef = B2493EF51E26023600556A83 /* GoogleContainerEngine.swift */; };
		B2493F041E26023600556A83 /* GoogleStackdriver.swift in Sources */ = {isa = PBXBuildFile; fileRef = B2493EF61E26023600556A83 /* GoogleStackdriver.swift */; };
		B2493F061E2603F300556A83 /* GoogleCloudPlatform.swift in Sources */ = {isa = PBXBuildFile; fileRef = B2493F051E2603F300556A83 /* GoogleCloudPlatform.swift */; };
		B2493F091E2607FC00556A83 /* GoogleCloudPlatformStatusStore.swift in Sources */ = {isa = PBXBuildFile; fileRef = B2493F081E2607FC00556A83 /* GoogleCloudPlatformStatusStore.swift */; };
		B24D19F61DD072840052E539 /* Preferences.swift in Sources */ = {isa = PBXBuildFile; fileRef = B24D19F51DD072840052E539 /* Preferences.swift */; };
		B25695591E247C8C00FAE413 /* Atlassian.swift in Sources */ = {isa = PBXBuildFile; fileRef = B25695501E247C8C00FAE413 /* Atlassian.swift */; };
		B256955A1E247C8C00FAE413 /* Cloudinary.swift in Sources */ = {isa = PBXBuildFile; fileRef = B25695511E247C8C00FAE413 /* Cloudinary.swift */; };
		B256955B1E247C8C00FAE413 /* HipChat.swift in Sources */ = {isa = PBXBuildFile; fileRef = B25695521E247C8C00FAE413 /* HipChat.swift */; };
		B256955C1E247C8C00FAE413 /* PagerDuty.swift in Sources */ = {isa = PBXBuildFile; fileRef = B25695531E247C8C00FAE413 /* PagerDuty.swift */; };
		B256955D1E247C8C00FAE413 /* Pingdom.swift in Sources */ = {isa = PBXBuildFile; fileRef = B25695541E247C8C00FAE413 /* Pingdom.swift */; };
		B256955E1E247C8C00FAE413 /* SauceLabs.swift in Sources */ = {isa = PBXBuildFile; fileRef = B25695551E247C8C00FAE413 /* SauceLabs.swift */; };
		B256955F1E247C8C00FAE413 /* SendGrid.swift in Sources */ = {isa = PBXBuildFile; fileRef = B25695561E247C8C00FAE413 /* SendGrid.swift */; };
		B25695601E247C8C00FAE413 /* SmartyStreets.swift in Sources */ = {isa = PBXBuildFile; fileRef = B25695571E247C8C00FAE413 /* SmartyStreets.swift */; };
		B25695611E247C8C00FAE413 /* Squarespace.swift in Sources */ = {isa = PBXBuildFile; fileRef = B25695581E247C8C00FAE413 /* Squarespace.swift */; };
		B257469B1E2781A3003A07A4 /* CodeClimate.swift in Sources */ = {isa = PBXBuildFile; fileRef = B257469A1E2781A3003A07A4 /* CodeClimate.swift */; };
		B25FBFFD1DCAF2CE0099A388 /* CustomScrollView.swift in Sources */ = {isa = PBXBuildFile; fileRef = B25FBFFC1DCAF2CE0099A388 /* CustomScrollView.swift */; };
		B269FCBB1E261BDF0016041D /* Figma.swift in Sources */ = {isa = PBXBuildFile; fileRef = B269FCBA1E261BDF0016041D /* Figma.swift */; };
		B26CD1E81DD59FDD0054A385 /* Kanna.framework in Frameworks */ = {isa = PBXBuildFile; fileRef = B26CD1E71DD59FDD0054A385 /* Kanna.framework */; };
		B26CD1EA1DD59FE60054A385 /* Kanna.framework in CopyFiles */ = {isa = PBXBuildFile; fileRef = B26CD1E71DD59FDD0054A385 /* Kanna.framework */; settings = {ATTRIBUTES = (CodeSignOnCopy, RemoveHeadersOnCopy, ); }; };
		B26CD1EC1DD59FFB0054A385 /* DigitalOcean.swift in Sources */ = {isa = PBXBuildFile; fileRef = B26CD1EB1DD59FFB0054A385 /* DigitalOcean.swift */; };
		B276C8F21DD474200098B451 /* SwiftDate.framework in Frameworks */ = {isa = PBXBuildFile; fileRef = B276C8EF1DD474200098B451 /* SwiftDate.framework */; };
		B276C8F31DD474200098B451 /* SnapKit.framework in Frameworks */ = {isa = PBXBuildFile; fileRef = B276C8F01DD474200098B451 /* SnapKit.framework */; };
		B276C8F41DD474200098B451 /* MBPopup.framework in Frameworks */ = {isa = PBXBuildFile; fileRef = B276C8F11DD474200098B451 /* MBPopup.framework */; };
		B276C8F51DD4742A0098B451 /* SwiftDate.framework in CopyFiles */ = {isa = PBXBuildFile; fileRef = B276C8EF1DD474200098B451 /* SwiftDate.framework */; settings = {ATTRIBUTES = (CodeSignOnCopy, RemoveHeadersOnCopy, ); }; };
		B276C8F61DD4742B0098B451 /* SnapKit.framework in CopyFiles */ = {isa = PBXBuildFile; fileRef = B276C8F01DD474200098B451 /* SnapKit.framework */; settings = {ATTRIBUTES = (CodeSignOnCopy, RemoveHeadersOnCopy, ); }; };
		B276C8F71DD4742D0098B451 /* MBPopup.framework in CopyFiles */ = {isa = PBXBuildFile; fileRef = B276C8F11DD474200098B451 /* MBPopup.framework */; settings = {ATTRIBUTES = (CodeSignOnCopy, RemoveHeadersOnCopy, ); }; };
		B2898FD01DC7441D0005F58F /* StatusIndicator.swift in Sources */ = {isa = PBXBuildFile; fileRef = B2898FCF1DC7441D0005F58F /* StatusIndicator.swift */; };
		B299C8431DD044160024D2E9 /* NewRelic.swift in Sources */ = {isa = PBXBuildFile; fileRef = B299C8421DD044160024D2E9 /* NewRelic.swift */; };
		B299C8451DD046F20024D2E9 /* AmazonWebServices.swift in Sources */ = {isa = PBXBuildFile; fileRef = B299C8441DD046F20024D2E9 /* AmazonWebServices.swift */; };
		B299C8471DD04D7C0024D2E9 /* NPM.swift in Sources */ = {isa = PBXBuildFile; fileRef = B299C8461DD04D7C0024D2E9 /* NPM.swift */; };
		B299C8491DD04DCB0024D2E9 /* RubyGems.swift in Sources */ = {isa = PBXBuildFile; fileRef = B299C8481DD04DCB0024D2E9 /* RubyGems.swift */; };
		B299C84B1DD04E850024D2E9 /* Pusher.swift in Sources */ = {isa = PBXBuildFile; fileRef = B299C84A1DD04E850024D2E9 /* Pusher.swift */; };
		B299C84D1DD04ED90024D2E9 /* Reddit.swift in Sources */ = {isa = PBXBuildFile; fileRef = B299C84C1DD04ED90024D2E9 /* Reddit.swift */; };
		B299C84F1DD04F8F0024D2E9 /* BitBucket.swift in Sources */ = {isa = PBXBuildFile; fileRef = B299C84E1DD04F8F0024D2E9 /* BitBucket.swift */; };
		B299C8511DD04FD60024D2E9 /* Cloudflare.swift in Sources */ = {isa = PBXBuildFile; fileRef = B299C8501DD04FD60024D2E9 /* Cloudflare.swift */; };
		B299C8531DD0505F0024D2E9 /* Sentry.swift in Sources */ = {isa = PBXBuildFile; fileRef = B299C8521DD0505F0024D2E9 /* Sentry.swift */; };
		B299C8551DD051210024D2E9 /* EngineYard.swift in Sources */ = {isa = PBXBuildFile; fileRef = B299C8541DD051210024D2E9 /* EngineYard.swift */; };
		B2A0635C1E1340B400EEA762 /* Docker.swift in Sources */ = {isa = PBXBuildFile; fileRef = B2A0635B1E1340B400EEA762 /* Docker.swift */; };
		B2A0635E1E1341C900EEA762 /* StatusioV1Service.swift in Sources */ = {isa = PBXBuildFile; fileRef = B2A0635D1E1341C900EEA762 /* StatusioV1Service.swift */; };
		B2A23E321DD190EF0051E913 /* EditorTableViewController.swift in Sources */ = {isa = PBXBuildFile; fileRef = B2A23E311DD190EF0051E913 /* EditorTableViewController.swift */; };
		B2A23E341DD192CD0051E913 /* EditorTableCell.swift in Sources */ = {isa = PBXBuildFile; fileRef = B2A23E331DD192CD0051E913 /* EditorTableCell.swift */; };
		B2A4A8161DC82CE300037E99 /* BottomBar.swift in Sources */ = {isa = PBXBuildFile; fileRef = B2A4A8151DC82CE300037E99 /* BottomBar.swift */; };
		B2A9BFB41DC6E30F001BD4B7 /* Icons.swift in Sources */ = {isa = PBXBuildFile; fileRef = B2A9BFB31DC6E30F001BD4B7 /* Icons.swift */; };
		B2B015C21DBDE69B00699211 /* StatusTableCell.swift in Sources */ = {isa = PBXBuildFile; fileRef = B2B015C11DBDE69B00699211 /* StatusTableCell.swift */; };
		B2B2D1031D49D5080014D780 /* AppDelegate.swift in Sources */ = {isa = PBXBuildFile; fileRef = B2B2D1021D49D5080014D780 /* AppDelegate.swift */; };
		B2B2D1051D49D5080014D780 /* Assets.xcassets in Resources */ = {isa = PBXBuildFile; fileRef = B2B2D1041D49D5080014D780 /* Assets.xcassets */; };
		B2B2D1081D49D5080014D780 /* MainMenu.xib in Resources */ = {isa = PBXBuildFile; fileRef = B2B2D1061D49D5080014D780 /* MainMenu.xib */; };
		B2C337A51E1417390007E110 /* Mixpanel.swift in Sources */ = {isa = PBXBuildFile; fileRef = B2C337A41E1417390007E110 /* Mixpanel.swift */; };
		B2C4FC4B1DF4FE3B00365B94 /* SectionHeaderView.swift in Sources */ = {isa = PBXBuildFile; fileRef = B2C4FC4A1DF4FE3B00365B94 /* SectionHeaderView.swift */; };
		B2CEB9A11DFD8984005FB901 /* StartAtLogin.framework in Frameworks */ = {isa = PBXBuildFile; fileRef = B2CEB9A01DFD8984005FB901 /* StartAtLogin.framework */; };
		B2CEB9A21DFD8987005FB901 /* StartAtLogin.framework in CopyFiles */ = {isa = PBXBuildFile; fileRef = B2CEB9A01DFD8984005FB901 /* StartAtLogin.framework */; settings = {ATTRIBUTES = (CodeSignOnCopy, RemoveHeadersOnCopy, ); }; };
		B2D032D01D6455E300D51CB8 /* TravisCI.swift in Sources */ = {isa = PBXBuildFile; fileRef = B2D032CF1D6455E300D51CB8 /* TravisCI.swift */; };
		B2F127A71E0B84230035B20C /* PubNub.swift in Sources */ = {isa = PBXBuildFile; fileRef = B2F127A61E0B84230035B20C /* PubNub.swift */; };
		B2F127A91E0B84B50035B20C /* Twilio.swift in Sources */ = {isa = PBXBuildFile; fileRef = B2F127A81E0B84B50035B20C /* Twilio.swift */; };
		B2F127AB1E0B84F00035B20C /* Braintree.swift in Sources */ = {isa = PBXBuildFile; fileRef = B2F127AA1E0B84F00035B20C /* Braintree.swift */; };
		B2FDC91A1D67029900F0B728 /* Heroku.swift in Sources */ = {isa = PBXBuildFile; fileRef = B2FDC9191D67029900F0B728 /* Heroku.swift */; };
		B2FDC91C1D67062200F0B728 /* StatusPageService.swift in Sources */ = {isa = PBXBuildFile; fileRef = B2FDC91B1D67062200F0B728 /* StatusPageService.swift */; };
		B2FDC91E1D6706C400F0B728 /* CircleCI.swift in Sources */ = {isa = PBXBuildFile; fileRef = B2FDC91D1D6706C400F0B728 /* CircleCI.swift */; };
		B2FFC1F01E261B4A00529A00 /* Dropbox.swift in Sources */ = {isa = PBXBuildFile; fileRef = B2FFC1EF1E261B4A00529A00 /* Dropbox.swift */; };
		C7F7518A1E2CCA7A0013E8E2 /* WeTransfer.swift in Sources */ = {isa = PBXBuildFile; fileRef = C7F751891E2CCA7A0013E8E2 /* WeTransfer.swift */; };
/* End PBXBuildFile section */

/* Begin PBXCopyFilesBuildPhase section */
		B22EC6891D80111900ED7917 /* CopyFiles */ = {
			isa = PBXCopyFilesBuildPhase;
			buildActionMask = 2147483647;
			dstPath = "";
			dstSubfolderSpec = 10;
			files = (
				B26CD1EA1DD59FE60054A385 /* Kanna.framework in CopyFiles */,
				B276C8F51DD4742A0098B451 /* SwiftDate.framework in CopyFiles */,
				B2CEB9A21DFD8987005FB901 /* StartAtLogin.framework in CopyFiles */,
				B276C8F61DD4742B0098B451 /* SnapKit.framework in CopyFiles */,
				B276C8F71DD4742D0098B451 /* MBPopup.framework in CopyFiles */,
			);
			runOnlyForDeploymentPostprocessing = 0;
		};
/* End PBXCopyFilesBuildPhase section */

/* Begin PBXFileReference section */
		03C5FB121E203325003C40B8 /* Packet.swift */ = {isa = PBXFileReference; fileEncoding = 4; lastKnownFileType = sourcecode.swift; path = Packet.swift; sourceTree = "<group>"; };
		B205A9171D49D67700EA178D /* Service.swift */ = {isa = PBXFileReference; fileEncoding = 4; lastKnownFileType = sourcecode.swift; path = Service.swift; sourceTree = "<group>"; };
		B205A9191D49D68500EA178D /* GitHub.swift */ = {isa = PBXFileReference; fileEncoding = 4; lastKnownFileType = sourcecode.swift; path = GitHub.swift; sourceTree = "<group>"; };
		B213A1761DC97E2B008E8E58 /* ServiceTableViewController.swift */ = {isa = PBXFileReference; fileEncoding = 4; lastKnownFileType = sourcecode.swift; path = ServiceTableViewController.swift; sourceTree = "<group>"; };
		B213A1781DC9EA25008E8E58 /* ServiceTableRowView.swift */ = {isa = PBXFileReference; fileEncoding = 4; lastKnownFileType = sourcecode.swift; path = ServiceTableRowView.swift; sourceTree = "<group>"; };
		B22600301E1562E700EBDD40 /* MediaTemple.swift */ = {isa = PBXFileReference; fileEncoding = 4; lastKnownFileType = sourcecode.swift; path = MediaTemple.swift; sourceTree = "<group>"; };
		B23038F01E0DF3CC00B29095 /* Beanstalk.swift */ = {isa = PBXFileReference; fileEncoding = 4; lastKnownFileType = sourcecode.swift; path = Beanstalk.swift; sourceTree = "<group>"; };
		B235B3BC1DF562C400821936 /* SettingsView.swift */ = {isa = PBXFileReference; fileEncoding = 4; lastKnownFileType = sourcecode.swift; path = SettingsView.swift; sourceTree = "<group>"; };
		B23D4E6C1E13471200B04F18 /* Intercom.swift */ = {isa = PBXFileReference; fileEncoding = 4; lastKnownFileType = sourcecode.swift; path = Intercom.swift; sourceTree = "<group>"; };
		B23D4E6E1E13475900B04F18 /* KeenIO.swift */ = {isa = PBXFileReference; fileEncoding = 4; lastKnownFileType = sourcecode.swift; path = KeenIO.swift; sourceTree = "<group>"; };
		B2493EE91E26023600556A83 /* GoogleAppEngine.swift */ = {isa = PBXFileReference; fileEncoding = 4; lastKnownFileType = sourcecode.swift; path = GoogleAppEngine.swift; sourceTree = "<group>"; };
		B2493EEA1E26023600556A83 /* GoogleBigQuery.swift */ = {isa = PBXFileReference; fileEncoding = 4; lastKnownFileType = sourcecode.swift; path = GoogleBigQuery.swift; sourceTree = "<group>"; };
		B2493EEB1E26023600556A83 /* GoogleCloudBigtable.swift */ = {isa = PBXFileReference; fileEncoding = 4; lastKnownFileType = sourcecode.swift; path = GoogleCloudBigtable.swift; sourceTree = "<group>"; };
		B2493EEC1E26023600556A83 /* GoogleCloudConsole.swift */ = {isa = PBXFileReference; fileEncoding = 4; lastKnownFileType = sourcecode.swift; path = GoogleCloudConsole.swift; sourceTree = "<group>"; };
		B2493EED1E26023600556A83 /* GoogleCloudDataflow.swift */ = {isa = PBXFileReference; fileEncoding = 4; lastKnownFileType = sourcecode.swift; path = GoogleCloudDataflow.swift; sourceTree = "<group>"; };
		B2493EEE1E26023600556A83 /* GoogleCloudDataproc.swift */ = {isa = PBXFileReference; fileEncoding = 4; lastKnownFileType = sourcecode.swift; path = GoogleCloudDataproc.swift; sourceTree = "<group>"; };
		B2493EEF1E26023600556A83 /* GoogleCloudDatastore.swift */ = {isa = PBXFileReference; fileEncoding = 4; lastKnownFileType = sourcecode.swift; path = GoogleCloudDatastore.swift; sourceTree = "<group>"; };
		B2493EF01E26023600556A83 /* GoogleCloudDNS.swift */ = {isa = PBXFileReference; fileEncoding = 4; lastKnownFileType = sourcecode.swift; path = GoogleCloudDNS.swift; sourceTree = "<group>"; };
		B2493EF11E26023600556A83 /* GoogleCloudPubSub.swift */ = {isa = PBXFileReference; fileEncoding = 4; lastKnownFileType = sourcecode.swift; path = GoogleCloudPubSub.swift; sourceTree = "<group>"; };
		B2493EF21E26023600556A83 /* GoogleCloudSQL.swift */ = {isa = PBXFileReference; fileEncoding = 4; lastKnownFileType = sourcecode.swift; path = GoogleCloudSQL.swift; sourceTree = "<group>"; };
		B2493EF31E26023600556A83 /* GoogleCloudStorage.swift */ = {isa = PBXFileReference; fileEncoding = 4; lastKnownFileType = sourcecode.swift; path = GoogleCloudStorage.swift; sourceTree = "<group>"; };
		B2493EF41E26023600556A83 /* GoogleComputeEngine.swift */ = {isa = PBXFileReference; fileEncoding = 4; lastKnownFileType = sourcecode.swift; path = GoogleComputeEngine.swift; sourceTree = "<group>"; };
		B2493EF51E26023600556A83 /* GoogleContainerEngine.swift */ = {isa = PBXFileReference; fileEncoding = 4; lastKnownFileType = sourcecode.swift; path = GoogleContainerEngine.swift; sourceTree = "<group>"; };
		B2493EF61E26023600556A83 /* GoogleStackdriver.swift */ = {isa = PBXFileReference; fileEncoding = 4; lastKnownFileType = sourcecode.swift; path = GoogleStackdriver.swift; sourceTree = "<group>"; };
		B2493F051E2603F300556A83 /* GoogleCloudPlatform.swift */ = {isa = PBXFileReference; fileEncoding = 4; lastKnownFileType = sourcecode.swift; path = GoogleCloudPlatform.swift; sourceTree = "<group>"; };
		B2493F081E2607FC00556A83 /* GoogleCloudPlatformStatusStore.swift */ = {isa = PBXFileReference; fileEncoding = 4; lastKnownFileType = sourcecode.swift; path = GoogleCloudPlatformStatusStore.swift; sourceTree = "<group>"; };
		B24D19F51DD072840052E539 /* Preferences.swift */ = {isa = PBXFileReference; fileEncoding = 4; lastKnownFileType = sourcecode.swift; path = Preferences.swift; sourceTree = "<group>"; };
		B25695501E247C8C00FAE413 /* Atlassian.swift */ = {isa = PBXFileReference; fileEncoding = 4; lastKnownFileType = sourcecode.swift; path = Atlassian.swift; sourceTree = "<group>"; };
		B25695511E247C8C00FAE413 /* Cloudinary.swift */ = {isa = PBXFileReference; fileEncoding = 4; lastKnownFileType = sourcecode.swift; path = Cloudinary.swift; sourceTree = "<group>"; };
		B25695521E247C8C00FAE413 /* HipChat.swift */ = {isa = PBXFileReference; fileEncoding = 4; lastKnownFileType = sourcecode.swift; path = HipChat.swift; sourceTree = "<group>"; };
		B25695531E247C8C00FAE413 /* PagerDuty.swift */ = {isa = PBXFileReference; fileEncoding = 4; lastKnownFileType = sourcecode.swift; path = PagerDuty.swift; sourceTree = "<group>"; };
		B25695541E247C8C00FAE413 /* Pingdom.swift */ = {isa = PBXFileReference; fileEncoding = 4; lastKnownFileType = sourcecode.swift; path = Pingdom.swift; sourceTree = "<group>"; };
		B25695551E247C8C00FAE413 /* SauceLabs.swift */ = {isa = PBXFileReference; fileEncoding = 4; lastKnownFileType = sourcecode.swift; path = SauceLabs.swift; sourceTree = "<group>"; };
		B25695561E247C8C00FAE413 /* SendGrid.swift */ = {isa = PBXFileReference; fileEncoding = 4; lastKnownFileType = sourcecode.swift; path = SendGrid.swift; sourceTree = "<group>"; };
		B25695571E247C8C00FAE413 /* SmartyStreets.swift */ = {isa = PBXFileReference; fileEncoding = 4; lastKnownFileType = sourcecode.swift; path = SmartyStreets.swift; sourceTree = "<group>"; };
		B25695581E247C8C00FAE413 /* Squarespace.swift */ = {isa = PBXFileReference; fileEncoding = 4; lastKnownFileType = sourcecode.swift; path = Squarespace.swift; sourceTree = "<group>"; };
		B257469A1E2781A3003A07A4 /* CodeClimate.swift */ = {isa = PBXFileReference; fileEncoding = 4; lastKnownFileType = sourcecode.swift; path = CodeClimate.swift; sourceTree = "<group>"; };
		B25FBFFC1DCAF2CE0099A388 /* CustomScrollView.swift */ = {isa = PBXFileReference; fileEncoding = 4; lastKnownFileType = sourcecode.swift; path = CustomScrollView.swift; sourceTree = "<group>"; };
		B269FCBA1E261BDF0016041D /* Figma.swift */ = {isa = PBXFileReference; fileEncoding = 4; lastKnownFileType = sourcecode.swift; path = Figma.swift; sourceTree = "<group>"; };
		B26CD1E71DD59FDD0054A385 /* Kanna.framework */ = {isa = PBXFileReference; lastKnownFileType = wrapper.framework; name = Kanna.framework; path = Carthage/Build/Mac/Kanna.framework; sourceTree = SOURCE_ROOT; };
		B26CD1EB1DD59FFB0054A385 /* DigitalOcean.swift */ = {isa = PBXFileReference; fileEncoding = 4; lastKnownFileType = sourcecode.swift; path = DigitalOcean.swift; sourceTree = "<group>"; };
		B276C8EF1DD474200098B451 /* SwiftDate.framework */ = {isa = PBXFileReference; lastKnownFileType = wrapper.framework; name = SwiftDate.framework; path = Carthage/Build/Mac/SwiftDate.framework; sourceTree = SOURCE_ROOT; };
		B276C8F01DD474200098B451 /* SnapKit.framework */ = {isa = PBXFileReference; lastKnownFileType = wrapper.framework; name = SnapKit.framework; path = Carthage/Build/Mac/SnapKit.framework; sourceTree = SOURCE_ROOT; };
		B276C8F11DD474200098B451 /* MBPopup.framework */ = {isa = PBXFileReference; lastKnownFileType = wrapper.framework; name = MBPopup.framework; path = Carthage/Build/Mac/MBPopup.framework; sourceTree = SOURCE_ROOT; };
		B2898FCF1DC7441D0005F58F /* StatusIndicator.swift */ = {isa = PBXFileReference; fileEncoding = 4; lastKnownFileType = sourcecode.swift; path = StatusIndicator.swift; sourceTree = "<group>"; };
		B299C8421DD044160024D2E9 /* NewRelic.swift */ = {isa = PBXFileReference; fileEncoding = 4; lastKnownFileType = sourcecode.swift; path = NewRelic.swift; sourceTree = "<group>"; };
		B299C8441DD046F20024D2E9 /* AmazonWebServices.swift */ = {isa = PBXFileReference; fileEncoding = 4; lastKnownFileType = sourcecode.swift; path = AmazonWebServices.swift; sourceTree = "<group>"; };
		B299C8461DD04D7C0024D2E9 /* NPM.swift */ = {isa = PBXFileReference; fileEncoding = 4; lastKnownFileType = sourcecode.swift; path = NPM.swift; sourceTree = "<group>"; };
		B299C8481DD04DCB0024D2E9 /* RubyGems.swift */ = {isa = PBXFileReference; fileEncoding = 4; lastKnownFileType = sourcecode.swift; path = RubyGems.swift; sourceTree = "<group>"; };
		B299C84A1DD04E850024D2E9 /* Pusher.swift */ = {isa = PBXFileReference; fileEncoding = 4; lastKnownFileType = sourcecode.swift; path = Pusher.swift; sourceTree = "<group>"; };
		B299C84C1DD04ED90024D2E9 /* Reddit.swift */ = {isa = PBXFileReference; fileEncoding = 4; lastKnownFileType = sourcecode.swift; path = Reddit.swift; sourceTree = "<group>"; };
		B299C84E1DD04F8F0024D2E9 /* BitBucket.swift */ = {isa = PBXFileReference; fileEncoding = 4; lastKnownFileType = sourcecode.swift; path = BitBucket.swift; sourceTree = "<group>"; };
		B299C8501DD04FD60024D2E9 /* Cloudflare.swift */ = {isa = PBXFileReference; fileEncoding = 4; lastKnownFileType = sourcecode.swift; path = Cloudflare.swift; sourceTree = "<group>"; };
		B299C8521DD0505F0024D2E9 /* Sentry.swift */ = {isa = PBXFileReference; fileEncoding = 4; lastKnownFileType = sourcecode.swift; path = Sentry.swift; sourceTree = "<group>"; };
		B299C8541DD051210024D2E9 /* EngineYard.swift */ = {isa = PBXFileReference; fileEncoding = 4; lastKnownFileType = sourcecode.swift; path = EngineYard.swift; sourceTree = "<group>"; };
		B2A0635B1E1340B400EEA762 /* Docker.swift */ = {isa = PBXFileReference; fileEncoding = 4; lastKnownFileType = sourcecode.swift; path = Docker.swift; sourceTree = "<group>"; };
		B2A0635D1E1341C900EEA762 /* StatusioV1Service.swift */ = {isa = PBXFileReference; fileEncoding = 4; lastKnownFileType = sourcecode.swift; path = StatusioV1Service.swift; sourceTree = "<group>"; };
		B2A23E311DD190EF0051E913 /* EditorTableViewController.swift */ = {isa = PBXFileReference; fileEncoding = 4; lastKnownFileType = sourcecode.swift; path = EditorTableViewController.swift; sourceTree = "<group>"; };
		B2A23E331DD192CD0051E913 /* EditorTableCell.swift */ = {isa = PBXFileReference; fileEncoding = 4; lastKnownFileType = sourcecode.swift; path = EditorTableCell.swift; sourceTree = "<group>"; };
		B2A4A8151DC82CE300037E99 /* BottomBar.swift */ = {isa = PBXFileReference; fileEncoding = 4; lastKnownFileType = sourcecode.swift; path = BottomBar.swift; sourceTree = "<group>"; };
		B2A9BFB31DC6E30F001BD4B7 /* Icons.swift */ = {isa = PBXFileReference; fileEncoding = 4; lastKnownFileType = sourcecode.swift; path = Icons.swift; sourceTree = "<group>"; };
		B2B015C11DBDE69B00699211 /* StatusTableCell.swift */ = {isa = PBXFileReference; fileEncoding = 4; lastKnownFileType = sourcecode.swift; path = StatusTableCell.swift; sourceTree = "<group>"; };
		B2B2D0FF1D49D5080014D780 /* stts.app */ = {isa = PBXFileReference; explicitFileType = wrapper.application; includeInIndex = 0; path = stts.app; sourceTree = BUILT_PRODUCTS_DIR; };
		B2B2D1021D49D5080014D780 /* AppDelegate.swift */ = {isa = PBXFileReference; lastKnownFileType = sourcecode.swift; path = AppDelegate.swift; sourceTree = "<group>"; };
		B2B2D1041D49D5080014D780 /* Assets.xcassets */ = {isa = PBXFileReference; lastKnownFileType = folder.assetcatalog; path = Assets.xcassets; sourceTree = "<group>"; };
		B2B2D1071D49D5080014D780 /* Base */ = {isa = PBXFileReference; lastKnownFileType = file.xib; name = Base; path = Base.lproj/MainMenu.xib; sourceTree = "<group>"; };
		B2B2D1091D49D5080014D780 /* Info.plist */ = {isa = PBXFileReference; lastKnownFileType = text.plist.xml; path = Info.plist; sourceTree = "<group>"; };
		B2C337A41E1417390007E110 /* Mixpanel.swift */ = {isa = PBXFileReference; fileEncoding = 4; lastKnownFileType = sourcecode.swift; path = Mixpanel.swift; sourceTree = "<group>"; };
		B2C4FC4A1DF4FE3B00365B94 /* SectionHeaderView.swift */ = {isa = PBXFileReference; fileEncoding = 4; lastKnownFileType = sourcecode.swift; path = SectionHeaderView.swift; sourceTree = "<group>"; };
		B2CEB9A01DFD8984005FB901 /* StartAtLogin.framework */ = {isa = PBXFileReference; lastKnownFileType = wrapper.framework; name = StartAtLogin.framework; path = Carthage/Build/Mac/StartAtLogin.framework; sourceTree = SOURCE_ROOT; };
		B2CF3FBF1DF7DD2100B66491 /* stts.entitlements */ = {isa = PBXFileReference; lastKnownFileType = text.plist.entitlements; path = stts.entitlements; sourceTree = "<group>"; };
		B2D032CF1D6455E300D51CB8 /* TravisCI.swift */ = {isa = PBXFileReference; fileEncoding = 4; lastKnownFileType = sourcecode.swift; path = TravisCI.swift; sourceTree = "<group>"; };
		B2F127A61E0B84230035B20C /* PubNub.swift */ = {isa = PBXFileReference; fileEncoding = 4; lastKnownFileType = sourcecode.swift; path = PubNub.swift; sourceTree = "<group>"; };
		B2F127A81E0B84B50035B20C /* Twilio.swift */ = {isa = PBXFileReference; fileEncoding = 4; lastKnownFileType = sourcecode.swift; path = Twilio.swift; sourceTree = "<group>"; };
		B2F127AA1E0B84F00035B20C /* Braintree.swift */ = {isa = PBXFileReference; fileEncoding = 4; lastKnownFileType = sourcecode.swift; path = Braintree.swift; sourceTree = "<group>"; };
		B2FDC9191D67029900F0B728 /* Heroku.swift */ = {isa = PBXFileReference; fileEncoding = 4; lastKnownFileType = sourcecode.swift; path = Heroku.swift; sourceTree = "<group>"; };
		B2FDC91B1D67062200F0B728 /* StatusPageService.swift */ = {isa = PBXFileReference; fileEncoding = 4; lastKnownFileType = sourcecode.swift; path = StatusPageService.swift; sourceTree = "<group>"; };
		B2FDC91D1D6706C400F0B728 /* CircleCI.swift */ = {isa = PBXFileReference; fileEncoding = 4; lastKnownFileType = sourcecode.swift; path = CircleCI.swift; sourceTree = "<group>"; };
		B2FFC1EF1E261B4A00529A00 /* Dropbox.swift */ = {isa = PBXFileReference; fileEncoding = 4; lastKnownFileType = sourcecode.swift; path = Dropbox.swift; sourceTree = "<group>"; };
		C7F751891E2CCA7A0013E8E2 /* WeTransfer.swift */ = {isa = PBXFileReference; fileEncoding = 4; lastKnownFileType = sourcecode.swift; path = WeTransfer.swift; sourceTree = "<group>"; };
/* End PBXFileReference section */

/* Begin PBXFrameworksBuildPhase section */
		B2B2D0FC1D49D5080014D780 /* Frameworks */ = {
			isa = PBXFrameworksBuildPhase;
			buildActionMask = 2147483647;
			files = (
				B26CD1E81DD59FDD0054A385 /* Kanna.framework in Frameworks */,
				B276C8F41DD474200098B451 /* MBPopup.framework in Frameworks */,
				B276C8F21DD474200098B451 /* SwiftDate.framework in Frameworks */,
				B2CEB9A11DFD8984005FB901 /* StartAtLogin.framework in Frameworks */,
				B276C8F31DD474200098B451 /* SnapKit.framework in Frameworks */,
			);
			runOnlyForDeploymentPostprocessing = 0;
		};
/* End PBXFrameworksBuildPhase section */

/* Begin PBXGroup section */
		B213A17A1DC9EA3F008E8E58 /* ServiceTableView */ = {
			isa = PBXGroup;
			children = (
				B213A1781DC9EA25008E8E58 /* ServiceTableRowView.swift */,
				B213A1761DC97E2B008E8E58 /* ServiceTableViewController.swift */,
				B2898FCF1DC7441D0005F58F /* StatusIndicator.swift */,
				B2B015C11DBDE69B00699211 /* StatusTableCell.swift */,
			);
			path = ServiceTableView;
			sourceTree = "<group>";
		};
		B2493F071E26052400556A83 /* Google Cloud Platform */ = {
			isa = PBXGroup;
			children = (
				B2493EE91E26023600556A83 /* GoogleAppEngine.swift */,
				B2493EEA1E26023600556A83 /* GoogleBigQuery.swift */,
				B2493EEB1E26023600556A83 /* GoogleCloudBigtable.swift */,
				B2493EEC1E26023600556A83 /* GoogleCloudConsole.swift */,
				B2493EF01E26023600556A83 /* GoogleCloudDNS.swift */,
				B2493EED1E26023600556A83 /* GoogleCloudDataflow.swift */,
				B2493EEE1E26023600556A83 /* GoogleCloudDataproc.swift */,
				B2493EEF1E26023600556A83 /* GoogleCloudDatastore.swift */,
				B2493F051E2603F300556A83 /* GoogleCloudPlatform.swift */,
				B2493EF11E26023600556A83 /* GoogleCloudPubSub.swift */,
				B2493EF21E26023600556A83 /* GoogleCloudSQL.swift */,
				B2493EF31E26023600556A83 /* GoogleCloudStorage.swift */,
				B2493EF41E26023600556A83 /* GoogleComputeEngine.swift */,
				B2493EF51E26023600556A83 /* GoogleContainerEngine.swift */,
				B2493EF61E26023600556A83 /* GoogleStackdriver.swift */,
			);
			path = "Google Cloud Platform";
			sourceTree = "<group>";
		};
		B26CB5711E13448900116A33 /* Status.ioV1 */ = {
			isa = PBXGroup;
			children = (
				B2A0635B1E1340B400EEA762 /* Docker.swift */,
			);
			path = Status.ioV1;
			sourceTree = "<group>";
		};
		B274C6361DD56A9E00A6B350 /* EditorTableView */ = {
			isa = PBXGroup;
			children = (
				B2A23E331DD192CD0051E913 /* EditorTableCell.swift */,
				B2A23E311DD190EF0051E913 /* EditorTableViewController.swift */,
				B2C4FC4A1DF4FE3B00365B94 /* SectionHeaderView.swift */,
				B235B3BC1DF562C400821936 /* SettingsView.swift */,
			);
			path = EditorTableView;
			sourceTree = "<group>";
		};
		B276C8E81DD473B50098B451 /* Frameworks */ = {
			isa = PBXGroup;
			children = (
				B2CEB9A01DFD8984005FB901 /* StartAtLogin.framework */,
				B26CD1E71DD59FDD0054A385 /* Kanna.framework */,
				B276C8EF1DD474200098B451 /* SwiftDate.framework */,
				B276C8F01DD474200098B451 /* SnapKit.framework */,
				B276C8F11DD474200098B451 /* MBPopup.framework */,
			);
			name = Frameworks;
			path = Resources;
			sourceTree = "<group>";
		};
		B299C8561DD051710024D2E9 /* StatusPage */ = {
			isa = PBXGroup;
			children = (
				B25695501E247C8C00FAE413 /* Atlassian.swift */,
				B299C84E1DD04F8F0024D2E9 /* BitBucket.swift */,
				B2F127AA1E0B84F00035B20C /* Braintree.swift */,
				B2FDC91D1D6706C400F0B728 /* CircleCI.swift */,
				B299C8501DD04FD60024D2E9 /* Cloudflare.swift */,
				B25695511E247C8C00FAE413 /* Cloudinary.swift */,
				B257469A1E2781A3003A07A4 /* CodeClimate.swift */,
				B2FFC1EF1E261B4A00529A00 /* Dropbox.swift */,
				B299C8541DD051210024D2E9 /* EngineYard.swift */,
				B269FCBA1E261BDF0016041D /* Figma.swift */,
				B25695521E247C8C00FAE413 /* HipChat.swift */,
				B23D4E6C1E13471200B04F18 /* Intercom.swift */,
				B23D4E6E1E13475900B04F18 /* KeenIO.swift */,
				B22600301E1562E700EBDD40 /* MediaTemple.swift */,
				B2C337A41E1417390007E110 /* Mixpanel.swift */,
				B299C8461DD04D7C0024D2E9 /* NPM.swift */,
				B299C8421DD044160024D2E9 /* NewRelic.swift */,
				03C5FB121E203325003C40B8 /* Packet.swift */,
				B25695531E247C8C00FAE413 /* PagerDuty.swift */,
				B25695541E247C8C00FAE413 /* Pingdom.swift */,
				B2F127A61E0B84230035B20C /* PubNub.swift */,
				B299C84A1DD04E850024D2E9 /* Pusher.swift */,
				B299C84C1DD04ED90024D2E9 /* Reddit.swift */,
				B299C8481DD04DCB0024D2E9 /* RubyGems.swift */,
				B25695551E247C8C00FAE413 /* SauceLabs.swift */,
				B25695561E247C8C00FAE413 /* SendGrid.swift */,
				B299C8521DD0505F0024D2E9 /* Sentry.swift */,
				B25695571E247C8C00FAE413 /* SmartyStreets.swift */,
				B25695581E247C8C00FAE413 /* Squarespace.swift */,
				B2D032CF1D6455E300D51CB8 /* TravisCI.swift */,
				B2F127A81E0B84B50035B20C /* Twilio.swift */,
				C7F751891E2CCA7A0013E8E2 /* WeTransfer.swift */,
			);
			path = StatusPage;
			sourceTree = "<group>";
		};
		B2B2D0F61D49D5080014D780 = {
			isa = PBXGroup;
			children = (
				B276C8E81DD473B50098B451 /* Frameworks */,
				B2B2D1001D49D5080014D780 /* Products */,
				B2FDC9211D67074900F0B728 /* Resources */,
				B2B2D1011D49D5080014D780 /* stts */,
			);
			sourceTree = "<group>";
		};
		B2B2D1001D49D5080014D780 /* Products */ = {
			isa = PBXGroup;
			children = (
				B2B2D0FF1D49D5080014D780 /* stts.app */,
			);
			name = Products;
			sourceTree = "<group>";
		};
		B2B2D1011D49D5080014D780 /* stts */ = {
			isa = PBXGroup;
			children = (
				B274C6361DD56A9E00A6B350 /* EditorTableView */,
				B213A17A1DC9EA3F008E8E58 /* ServiceTableView */,
				B2FDC91F1D6706FB00F0B728 /* Services */,
				B2B2D1021D49D5080014D780 /* AppDelegate.swift */,
				B2A4A8151DC82CE300037E99 /* BottomBar.swift */,
				B25FBFFC1DCAF2CE0099A388 /* CustomScrollView.swift */,
				B2A9BFB31DC6E30F001BD4B7 /* Icons.swift */,
				B24D19F51DD072840052E539 /* Preferences.swift */,
				B2CF3FBF1DF7DD2100B66491 /* stts.entitlements */,
			);
			path = stts;
			sourceTree = "<group>";
		};
		B2FDC91F1D6706FB00F0B728 /* Services */ = {
			isa = PBXGroup;
			children = (
				B2493F071E26052400556A83 /* Google Cloud Platform */,
				B26CB5711E13448900116A33 /* Status.ioV1 */,
				B299C8561DD051710024D2E9 /* StatusPage */,
				B2FDC9201D67071500F0B728 /* Super */,
				B299C8441DD046F20024D2E9 /* AmazonWebServices.swift */,
				B23038F01E0DF3CC00B29095 /* Beanstalk.swift */,
				B26CD1EB1DD59FFB0054A385 /* DigitalOcean.swift */,
				B205A9191D49D68500EA178D /* GitHub.swift */,
				B2FDC9191D67029900F0B728 /* Heroku.swift */,
			);
			path = Services;
			sourceTree = "<group>";
		};
		B2FDC9201D67071500F0B728 /* Super */ = {
			isa = PBXGroup;
			children = (
				B2493F081E2607FC00556A83 /* GoogleCloudPlatformStatusStore.swift */,
				B205A9171D49D67700EA178D /* Service.swift */,
				B2FDC91B1D67062200F0B728 /* StatusPageService.swift */,
				B2A0635D1E1341C900EEA762 /* StatusioV1Service.swift */,
			);
			path = Super;
			sourceTree = "<group>";
		};
		B2FDC9211D67074900F0B728 /* Resources */ = {
			isa = PBXGroup;
			children = (
				B2B2D1041D49D5080014D780 /* Assets.xcassets */,
				B2B2D1091D49D5080014D780 /* Info.plist */,
				B2B2D1061D49D5080014D780 /* MainMenu.xib */,
			);
			path = Resources;
			sourceTree = "<group>";
		};
/* End PBXGroup section */

/* Begin PBXNativeTarget section */
		B2B2D0FE1D49D5080014D780 /* stts */ = {
			isa = PBXNativeTarget;
			buildConfigurationList = B2B2D10C1D49D5080014D780 /* Build configuration list for PBXNativeTarget "stts" */;
			buildPhases = (
				B2B2D0FB1D49D5080014D780 /* Sources */,
				B2B2D0FC1D49D5080014D780 /* Frameworks */,
				B2B2D0FD1D49D5080014D780 /* Resources */,
				B22EC6891D80111900ED7917 /* CopyFiles */,
				B28F83321E24BDC100F2070F /* ShellScript */,
				B2B2DC631DCC1FA600BF397D /* ShellScript */,
				B2A264A21DF906C900009BE1 /* ShellScript */,
			);
			buildRules = (
			);
			dependencies = (
			);
			name = stts;
			productName = stts;
			productReference = B2B2D0FF1D49D5080014D780 /* stts.app */;
			productType = "com.apple.product-type.application";
		};
/* End PBXNativeTarget section */

/* Begin PBXProject section */
		B2B2D0F71D49D5080014D780 /* Project object */ = {
			isa = PBXProject;
			attributes = {
				LastSwiftUpdateCheck = 0800;
				LastUpgradeCheck = 0810;
				ORGANIZATIONNAME = inket;
				TargetAttributes = {
					B2B2D0FE1D49D5080014D780 = {
						CreatedOnToolsVersion = 8.0;
						DevelopmentTeam = PP5UYHJQCD;
						DevelopmentTeamName = "Mahdi Bchatnia";
						ProvisioningStyle = Manual;
						SystemCapabilities = {
							com.apple.Sandbox = {
								enabled = 1;
							};
						};
					};
				};
			};
			buildConfigurationList = B2B2D0FA1D49D5080014D780 /* Build configuration list for PBXProject "stts" */;
			compatibilityVersion = "Xcode 3.2";
			developmentRegion = English;
			hasScannedForEncodings = 0;
			knownRegions = (
				en,
				Base,
			);
			mainGroup = B2B2D0F61D49D5080014D780;
			productRefGroup = B2B2D1001D49D5080014D780 /* Products */;
			projectDirPath = "";
			projectRoot = "";
			targets = (
				B2B2D0FE1D49D5080014D780 /* stts */,
			);
		};
/* End PBXProject section */

/* Begin PBXResourcesBuildPhase section */
		B2B2D0FD1D49D5080014D780 /* Resources */ = {
			isa = PBXResourcesBuildPhase;
			buildActionMask = 2147483647;
			files = (
				B2B2D1051D49D5080014D780 /* Assets.xcassets in Resources */,
				B2B2D1081D49D5080014D780 /* MainMenu.xib in Resources */,
			);
			runOnlyForDeploymentPostprocessing = 0;
		};
/* End PBXResourcesBuildPhase section */

/* Begin PBXShellScriptBuildPhase section */
		B28F83321E24BDC100F2070F /* ShellScript */ = {
			isa = PBXShellScriptBuildPhase;
			buildActionMask = 2147483647;
			files = (
			);
			inputPaths = (
			);
			outputPaths = (
			);
			runOnlyForDeploymentPostprocessing = 0;
			shellPath = /bin/sh;
			shellScript = "RESOURCES_PATH=\"$BUILT_PRODUCTS_DIR/$UNLOCALIZED_RESOURCES_FOLDER_PATH\"\nSERVICES_PLIST=\"$RESOURCES_PATH/services.plist\"\n\n# Retrieve the list of services\nSERVICES=$(find \"$SRCROOT/stts/Services\" -name \"*.swift\" -not -path \"*Super*\" | awk -F/ '{ print $NF }' | sed s/.swift//g | sort | sed -e ':a' -e 'N' -e '$!ba' -e 's/\\n/ /g')\n\n# Create the services plist file\necho \"{}\" > \"$SERVICES_PLIST\"\n\n# Write the list of services into the plist file as an array\ndefaults write \"$SERVICES_PLIST\" \"services\" -array $SERVICES";
		};
		B2A264A21DF906C900009BE1 /* ShellScript */ = {
			isa = PBXShellScriptBuildPhase;
			buildActionMask = 2147483647;
			files = (
			);
			inputPaths = (
			);
			outputPaths = (
			);
			runOnlyForDeploymentPostprocessing = 0;
			shellPath = /bin/sh;
			shellScript = "FRAMEWORKS_HELPER_PATH=\"$BUILT_PRODUCTS_DIR/$FRAMEWORKS_FOLDER_PATH/StartAtLogin.framework/Versions/A/Resources/StartAtLoginHelper.app\"\nHELPER_DIR=\"$BUILT_PRODUCTS_DIR/$CONTENTS_FOLDER_PATH/Library/LoginItems\"\nHELPER_PATH=\"$HELPER_DIR/StartAtLoginHelper.app\"\n\nmkdir -p \"$HELPER_DIR\"\nrm -rf \"$HELPER_PATH\"\ncp -rf \"$FRAMEWORKS_HELPER_PATH\" \"$HELPER_DIR/\"\n\nif [ \"$CONFIGURATION\" == \"Release\" ]; then\n  rm -rf \"$FRAMEWORKS_HELPER_PATH\"\nfi\n\ndefaults write \"$HELPER_PATH/Contents/Info\" CFBundleIdentifier -string \"$PRODUCT_BUNDLE_IDENTIFIER-StartAtLoginHelper\"\ncodesign --force --entitlements \"$CODE_SIGN_ENTITLEMENTS\" -s \"$EXPANDED_CODE_SIGN_IDENTITY_NAME\" -v \"$HELPER_PATH\"";
		};
		B2B2DC631DCC1FA600BF397D /* ShellScript */ = {
			isa = PBXShellScriptBuildPhase;
			buildActionMask = 2147483647;
			files = (
			);
			inputPaths = (
			);
			outputPaths = (
			);
			runOnlyForDeploymentPostprocessing = 0;
			shellPath = /bin/sh;
			shellScript = "if which swiftlint >/dev/null; then\nswiftlint\nelse\necho \"warning: SwiftLint not installed, download from https://github.com/realm/SwiftLint\"\nfi";
		};
/* End PBXShellScriptBuildPhase section */

/* Begin PBXSourcesBuildPhase section */
		B2B2D0FB1D49D5080014D780 /* Sources */ = {
			isa = PBXSourcesBuildPhase;
			buildActionMask = 2147483647;
			files = (
				B2493F021E26023600556A83 /* GoogleComputeEngine.swift in Sources */,
				B205A91A1D49D68500EA178D /* GitHub.swift in Sources */,
				B2493F061E2603F300556A83 /* GoogleCloudPlatform.swift in Sources */,
				B299C8491DD04DCB0024D2E9 /* RubyGems.swift in Sources */,
				B299C8531DD0505F0024D2E9 /* Sentry.swift in Sources */,
				B299C84F1DD04F8F0024D2E9 /* BitBucket.swift in Sources */,
				B2FDC91A1D67029900F0B728 /* Heroku.swift in Sources */,
				B2493EF91E26023600556A83 /* GoogleCloudBigtable.swift in Sources */,
				B299C8431DD044160024D2E9 /* NewRelic.swift in Sources */,
				B25FBFFD1DCAF2CE0099A388 /* CustomScrollView.swift in Sources */,
				B2A0635C1E1340B400EEA762 /* Docker.swift in Sources */,
				B24D19F61DD072840052E539 /* Preferences.swift in Sources */,
				B2493EFE1E26023600556A83 /* GoogleCloudDNS.swift in Sources */,
				B2493F001E26023600556A83 /* GoogleCloudSQL.swift in Sources */,
				B2B2D1031D49D5080014D780 /* AppDelegate.swift in Sources */,
				B25695601E247C8C00FAE413 /* SmartyStreets.swift in Sources */,
				B25695611E247C8C00FAE413 /* Squarespace.swift in Sources */,
				B2493EF81E26023600556A83 /* GoogleBigQuery.swift in Sources */,
				B2493F041E26023600556A83 /* GoogleStackdriver.swift in Sources */,
				B2493EFF1E26023600556A83 /* GoogleCloudPubSub.swift in Sources */,
				B2493F031E26023600556A83 /* GoogleContainerEngine.swift in Sources */,
				B2493EFC1E26023600556A83 /* GoogleCloudDataproc.swift in Sources */,
				B2493EFD1E26023600556A83 /* GoogleCloudDatastore.swift in Sources */,
				B2493F011E26023600556A83 /* GoogleCloudStorage.swift in Sources */,
				B2B015C21DBDE69B00699211 /* StatusTableCell.swift in Sources */,
				B299C84B1DD04E850024D2E9 /* Pusher.swift in Sources */,
				B2D032D01D6455E300D51CB8 /* TravisCI.swift in Sources */,
				B299C8511DD04FD60024D2E9 /* Cloudflare.swift in Sources */,
				B256955E1E247C8C00FAE413 /* SauceLabs.swift in Sources */,
				B2898FD01DC7441D0005F58F /* StatusIndicator.swift in Sources */,
				B213A1771DC97E2B008E8E58 /* ServiceTableViewController.swift in Sources */,
				B25695591E247C8C00FAE413 /* Atlassian.swift in Sources */,
				B235B3BD1DF562C400821936 /* SettingsView.swift in Sources */,
				B2C4FC4B1DF4FE3B00365B94 /* SectionHeaderView.swift in Sources */,
				B2A0635E1E1341C900EEA762 /* StatusioV1Service.swift in Sources */,
				B256955A1E247C8C00FAE413 /* Cloudinary.swift in Sources */,
				B2493EF71E26023600556A83 /* GoogleAppEngine.swift in Sources */,
				B2F127A91E0B84B50035B20C /* Twilio.swift in Sources */,
				B269FCBB1E261BDF0016041D /* Figma.swift in Sources */,
				B299C8471DD04D7C0024D2E9 /* NPM.swift in Sources */,
				C7F7518A1E2CCA7A0013E8E2 /* WeTransfer.swift in Sources */,
				B2FDC91C1D67062200F0B728 /* StatusPageService.swift in Sources */,
				B2493EFA1E26023600556A83 /* GoogleCloudConsole.swift in Sources */,
				B256955F1E247C8C00FAE413 /* SendGrid.swift in Sources */,
				B2F127A71E0B84230035B20C /* PubNub.swift in Sources */,
				B2A23E341DD192CD0051E913 /* EditorTableCell.swift in Sources */,
				B2493EFB1E26023600556A83 /* GoogleCloudDataflow.swift in Sources */,
				03C5FB131E203325003C40B8 /* Packet.swift in Sources */,
				B2F127AB1E0B84F00035B20C /* Braintree.swift in Sources */,
				B256955D1E247C8C00FAE413 /* Pingdom.swift in Sources */,
				B299C8451DD046F20024D2E9 /* AmazonWebServices.swift in Sources */,
				B256955B1E247C8C00FAE413 /* HipChat.swift in Sources */,
				B299C8551DD051210024D2E9 /* EngineYard.swift in Sources */,
				B22600311E1562E700EBDD40 /* MediaTemple.swift in Sources */,
				B205A9181D49D67700EA178D /* Service.swift in Sources */,
				B26CD1EC1DD59FFB0054A385 /* DigitalOcean.swift in Sources */,
				B299C84D1DD04ED90024D2E9 /* Reddit.swift in Sources */,
				B23D4E6F1E13475900B04F18 /* KeenIO.swift in Sources */,
				B2C337A51E1417390007E110 /* Mixpanel.swift in Sources */,
				B2FFC1F01E261B4A00529A00 /* Dropbox.swift in Sources */,
				B2A4A8161DC82CE300037E99 /* BottomBar.swift in Sources */,
				B213A1791DC9EA25008E8E58 /* ServiceTableRowView.swift in Sources */,
				B2A9BFB41DC6E30F001BD4B7 /* Icons.swift in Sources */,
				B256955C1E247C8C00FAE413 /* PagerDuty.swift in Sources */,
				B2A23E321DD190EF0051E913 /* EditorTableViewController.swift in Sources */,
				B2FDC91E1D6706C400F0B728 /* CircleCI.swift in Sources */,
				B2493F091E2607FC00556A83 /* GoogleCloudPlatformStatusStore.swift in Sources */,
				B257469B1E2781A3003A07A4 /* CodeClimate.swift in Sources */,
				B23038F11E0DF3CC00B29095 /* Beanstalk.swift in Sources */,
				B23D4E6D1E13471200B04F18 /* Intercom.swift in Sources */,
			);
			runOnlyForDeploymentPostprocessing = 0;
		};
/* End PBXSourcesBuildPhase section */

/* Begin PBXVariantGroup section */
		B2B2D1061D49D5080014D780 /* MainMenu.xib */ = {
			isa = PBXVariantGroup;
			children = (
				B2B2D1071D49D5080014D780 /* Base */,
			);
			name = MainMenu.xib;
			path = .;
			sourceTree = "<group>";
		};
/* End PBXVariantGroup section */

/* Begin XCBuildConfiguration section */
		B2B2D10A1D49D5080014D780 /* Debug */ = {
			isa = XCBuildConfiguration;
			buildSettings = {
				ALWAYS_SEARCH_USER_PATHS = NO;
				CLANG_ANALYZER_NONNULL = YES;
				CLANG_CXX_LANGUAGE_STANDARD = "gnu++0x";
				CLANG_CXX_LIBRARY = "libc++";
				CLANG_ENABLE_MODULES = YES;
				CLANG_ENABLE_OBJC_ARC = YES;
				CLANG_WARN_BOOL_CONVERSION = YES;
				CLANG_WARN_CONSTANT_CONVERSION = YES;
				CLANG_WARN_DIRECT_OBJC_ISA_USAGE = YES_ERROR;
				CLANG_WARN_DOCUMENTATION_COMMENTS = YES;
				CLANG_WARN_EMPTY_BODY = YES;
				CLANG_WARN_ENUM_CONVERSION = YES;
				CLANG_WARN_INFINITE_RECURSION = YES;
				CLANG_WARN_INT_CONVERSION = YES;
				CLANG_WARN_OBJC_ROOT_CLASS = YES_ERROR;
				CLANG_WARN_SUSPICIOUS_MOVE = YES;
				CLANG_WARN_UNREACHABLE_CODE = YES;
				CLANG_WARN__DUPLICATE_METHOD_MATCH = YES;
				CODE_SIGN_IDENTITY = "Mac Developer";
				COPY_PHASE_STRIP = NO;
				DEBUG_INFORMATION_FORMAT = dwarf;
				ENABLE_STRICT_OBJC_MSGSEND = YES;
				ENABLE_TESTABILITY = YES;
				GCC_C_LANGUAGE_STANDARD = gnu99;
				GCC_DYNAMIC_NO_PIC = NO;
				GCC_NO_COMMON_BLOCKS = YES;
				GCC_OPTIMIZATION_LEVEL = 0;
				GCC_PREPROCESSOR_DEFINITIONS = (
					"DEBUG=1",
					"$(inherited)",
				);
				GCC_WARN_64_TO_32_BIT_CONVERSION = YES;
				GCC_WARN_ABOUT_RETURN_TYPE = YES_ERROR;
				GCC_WARN_UNDECLARED_SELECTOR = YES;
				GCC_WARN_UNINITIALIZED_AUTOS = YES_AGGRESSIVE;
				GCC_WARN_UNUSED_FUNCTION = YES;
				GCC_WARN_UNUSED_VARIABLE = YES;
				MACOSX_DEPLOYMENT_TARGET = 10.11;
				MTL_ENABLE_DEBUG_INFO = YES;
				ONLY_ACTIVE_ARCH = YES;
				SDKROOT = macosx;
				SWIFT_ACTIVE_COMPILATION_CONDITIONS = DEBUG;
				SWIFT_OPTIMIZATION_LEVEL = "-Onone";
			};
			name = Debug;
		};
		B2B2D10B1D49D5080014D780 /* Release */ = {
			isa = XCBuildConfiguration;
			buildSettings = {
				ALWAYS_SEARCH_USER_PATHS = NO;
				CLANG_ANALYZER_NONNULL = YES;
				CLANG_CXX_LANGUAGE_STANDARD = "gnu++0x";
				CLANG_CXX_LIBRARY = "libc++";
				CLANG_ENABLE_MODULES = YES;
				CLANG_ENABLE_OBJC_ARC = YES;
				CLANG_WARN_BOOL_CONVERSION = YES;
				CLANG_WARN_CONSTANT_CONVERSION = YES;
				CLANG_WARN_DIRECT_OBJC_ISA_USAGE = YES_ERROR;
				CLANG_WARN_DOCUMENTATION_COMMENTS = YES;
				CLANG_WARN_EMPTY_BODY = YES;
				CLANG_WARN_ENUM_CONVERSION = YES;
				CLANG_WARN_INFINITE_RECURSION = YES;
				CLANG_WARN_INT_CONVERSION = YES;
				CLANG_WARN_OBJC_ROOT_CLASS = YES_ERROR;
				CLANG_WARN_SUSPICIOUS_MOVE = YES;
				CLANG_WARN_UNREACHABLE_CODE = YES;
				CLANG_WARN__DUPLICATE_METHOD_MATCH = YES;
				CODE_SIGN_IDENTITY = "Developer ID Application";
				COPY_PHASE_STRIP = NO;
				DEBUG_INFORMATION_FORMAT = "dwarf-with-dsym";
				ENABLE_NS_ASSERTIONS = NO;
				ENABLE_STRICT_OBJC_MSGSEND = YES;
				GCC_C_LANGUAGE_STANDARD = gnu99;
				GCC_NO_COMMON_BLOCKS = YES;
				GCC_WARN_64_TO_32_BIT_CONVERSION = YES;
				GCC_WARN_ABOUT_RETURN_TYPE = YES_ERROR;
				GCC_WARN_UNDECLARED_SELECTOR = YES;
				GCC_WARN_UNINITIALIZED_AUTOS = YES_AGGRESSIVE;
				GCC_WARN_UNUSED_FUNCTION = YES;
				GCC_WARN_UNUSED_VARIABLE = YES;
				MACOSX_DEPLOYMENT_TARGET = 10.11;
				MTL_ENABLE_DEBUG_INFO = NO;
				SDKROOT = macosx;
				SWIFT_OPTIMIZATION_LEVEL = "-Owholemodule";
			};
			name = Release;
		};
		B2B2D10D1D49D5080014D780 /* Debug */ = {
			isa = XCBuildConfiguration;
			buildSettings = {
				ALWAYS_EMBED_SWIFT_STANDARD_LIBRARIES = YES;
				ASSETCATALOG_COMPILER_APPICON_NAME = AppIcon;
				CODE_SIGN_ENTITLEMENTS = stts/stts.entitlements;
				COMBINE_HIDPI_IMAGES = YES;
				DEVELOPMENT_TEAM = PP5UYHJQCD;
				FRAMEWORK_SEARCH_PATHS = (
					"$(inherited)",
					"$(PROJECT_DIR)/Carthage/Build/Mac",
				);
				HEADER_SEARCH_PATHS = "$(SDKROOT)/usr/include/libxml2";
				INFOPLIST_FILE = Resources/Info.plist;
				LD_RUNPATH_SEARCH_PATHS = "$(inherited) @executable_path/../Frameworks";
				OTHER_SWIFT_FLAGS = "-Xfrontend -warn-long-function-bodies=200";
				PRODUCT_BUNDLE_IDENTIFIER = jp.mahdi.stts;
				PRODUCT_NAME = "$(TARGET_NAME)";
				SWIFT_VERSION = 3.0;
			};
			name = Debug;
		};
		B2B2D10E1D49D5080014D780 /* Release */ = {
			isa = XCBuildConfiguration;
			buildSettings = {
				ALWAYS_EMBED_SWIFT_STANDARD_LIBRARIES = YES;
				ASSETCATALOG_COMPILER_APPICON_NAME = AppIcon;
				CODE_SIGN_ENTITLEMENTS = stts/stts.entitlements;
				COMBINE_HIDPI_IMAGES = YES;
				DEVELOPMENT_TEAM = PP5UYHJQCD;
				FRAMEWORK_SEARCH_PATHS = (
					"$(inherited)",
					"$(PROJECT_DIR)/Carthage/Build/Mac",
				);
				HEADER_SEARCH_PATHS = "$(SDKROOT)/usr/include/libxml2";
				INFOPLIST_FILE = Resources/Info.plist;
				LD_RUNPATH_SEARCH_PATHS = "$(inherited) @executable_path/../Frameworks";
				OTHER_SWIFT_FLAGS = "-Xfrontend -warn-long-function-bodies=200";
				PRODUCT_BUNDLE_IDENTIFIER = jp.mahdi.stts;
				PRODUCT_NAME = "$(TARGET_NAME)";
				SWIFT_VERSION = 3.0;
			};
			name = Release;
		};
/* End XCBuildConfiguration section */

/* Begin XCConfigurationList section */
		B2B2D0FA1D49D5080014D780 /* Build configuration list for PBXProject "stts" */ = {
			isa = XCConfigurationList;
			buildConfigurations = (
				B2B2D10A1D49D5080014D780 /* Debug */,
				B2B2D10B1D49D5080014D780 /* Release */,
			);
			defaultConfigurationIsVisible = 0;
			defaultConfigurationName = Release;
		};
		B2B2D10C1D49D5080014D780 /* Build configuration list for PBXNativeTarget "stts" */ = {
			isa = XCConfigurationList;
			buildConfigurations = (
				B2B2D10D1D49D5080014D780 /* Debug */,
				B2B2D10E1D49D5080014D780 /* Release */,
			);
			defaultConfigurationIsVisible = 0;
			defaultConfigurationName = Release;
		};
/* End XCConfigurationList section */
	};
	rootObject = B2B2D0F71D49D5080014D780 /* Project object */;
}
