// !$*UTF8*$!
{
	archiveVersion = 1;
	classes = {
	};
	objectVersion = 46;
	objects = {

/* Begin PBXBuildFile section */
		03C5FB131E203325003C40B8 /* Packet.swift in Sources */ = {isa = PBXBuildFile; fileRef = 03C5FB121E203325003C40B8 /* Packet.swift */; };
		194BC88222A8EAC10065E698 /* Clubhouse.swift in Sources */ = {isa = PBXBuildFile; fileRef = 194BC88122A8EAC00065E698 /* Clubhouse.swift */; };
		2F1B7559227A095400BA5CBD /* Avalara.swift in Sources */ = {isa = PBXBuildFile; fileRef = 2F1B7558227A095400BA5CBD /* Avalara.swift */; };
		2F65F490227A198400432E64 /* Recurly.swift in Sources */ = {isa = PBXBuildFile; fileRef = 2F65F48F227A198400432E64 /* Recurly.swift */; };
		36AD8ED3235A1CE500F2FD73 /* LaunchDarkly.swift in Sources */ = {isa = PBXBuildFile; fileRef = 36AD8ED2235A1CE500F2FD73 /* LaunchDarkly.swift */; };
		7B305FAB210237AA0086DCE0 /* Spoke.swift in Sources */ = {isa = PBXBuildFile; fileRef = 7B305FAA210237AA0086DCE0 /* Spoke.swift */; };
		7BA6A0A22240D8E000700C2C /* Bolt.swift in Sources */ = {isa = PBXBuildFile; fileRef = 7BA6A0A12240D8E000700C2C /* Bolt.swift */; };
		A0C3F34B220FD630005D9998 /* Datadog.swift in Sources */ = {isa = PBXBuildFile; fileRef = A0C3F34A220FD630005D9998 /* Datadog.swift */; };
		A125C59E20F7909500C513B3 /* Fastly.swift in Sources */ = {isa = PBXBuildFile; fileRef = A125C59D20F7909500C513B3 /* Fastly.swift */; };
		A133C8B720F8F3670068CFE8 /* Mailgun.swift in Sources */ = {isa = PBXBuildFile; fileRef = A133C8B620F8F3670068CFE8 /* Mailgun.swift */; };
		B2006CF9223B356F0057E144 /* ProtonMail.swift in Sources */ = {isa = PBXBuildFile; fileRef = B2006CF8223B356F0057E144 /* ProtonMail.swift */; };
		B20396361EE6A060008CCA21 /* Trello.swift in Sources */ = {isa = PBXBuildFile; fileRef = B20396351EE6A060008CCA21 /* Trello.swift */; };
		B20396381EE6A06C008CCA21 /* Filestack.swift in Sources */ = {isa = PBXBuildFile; fileRef = B20396371EE6A06C008CCA21 /* Filestack.swift */; };
		B205A9181D49D67700EA178D /* Service.swift in Sources */ = {isa = PBXBuildFile; fileRef = B205A9171D49D67700EA178D /* Service.swift */; };
		B20699D2214E504F008670B0 /* Robinhood.swift in Sources */ = {isa = PBXBuildFile; fileRef = B20699D1214E504E008670B0 /* Robinhood.swift */; };
		B211F0B81E607C09008DD360 /* Rollbar.swift in Sources */ = {isa = PBXBuildFile; fileRef = B211F0B71E607C09008DD360 /* Rollbar.swift */; };
		B21308561E55594E009FCF02 /* Quandl.swift in Sources */ = {isa = PBXBuildFile; fileRef = B21308551E55594E009FCF02 /* Quandl.swift */; };
		B213A1771DC97E2B008E8E58 /* ServiceTableViewController.swift in Sources */ = {isa = PBXBuildFile; fileRef = B213A1761DC97E2B008E8E58 /* ServiceTableViewController.swift */; };
		B213A1791DC9EA25008E8E58 /* ServiceTableRowView.swift in Sources */ = {isa = PBXBuildFile; fileRef = B213A1781DC9EA25008E8E58 /* ServiceTableRowView.swift */; };
		B21492CB21EE9BD70065103E /* ScaleGrid.swift in Sources */ = {isa = PBXBuildFile; fileRef = B21492CA21EE9BD70065103E /* ScaleGrid.swift */; };
		B2163AF820BA4E7500B14A85 /* sttsTests.swift in Sources */ = {isa = PBXBuildFile; fileRef = B2163AF720BA4E7500B14A85 /* sttsTests.swift */; };
		B2163B0020BA56EF00B14A85 /* StatusCakeService.swift in Sources */ = {isa = PBXBuildFile; fileRef = B2163AFF20BA56EF00B14A85 /* StatusCakeService.swift */; };
		B219C0DA1E2F0E9F001F8E7F /* CocoaPods.swift in Sources */ = {isa = PBXBuildFile; fileRef = B219C0D91E2F0E9F001F8E7F /* CocoaPods.swift */; };
		B21DC0761F6B436400E8214F /* Aptible.swift in Sources */ = {isa = PBXBuildFile; fileRef = B21DC0751F6B436400E8214F /* Aptible.swift */; };
		B22527F51E5BD0C70098E73D /* Contentful.swift in Sources */ = {isa = PBXBuildFile; fileRef = B22527F41E5BD0C70098E73D /* Contentful.swift */; };
		B2253A6B209F3C410039F574 /* GoogleStatusDashboardStore.swift in Sources */ = {isa = PBXBuildFile; fileRef = B2253A6A209F3C410039F574 /* GoogleStatusDashboardStore.swift */; };
		B2253A6D209F3F9F0039F574 /* FirebaseService.swift in Sources */ = {isa = PBXBuildFile; fileRef = B2253A6C209F3F9F0039F574 /* FirebaseService.swift */; };
		B2253A6F209F42430039F574 /* Firebase.swift in Sources */ = {isa = PBXBuildFile; fileRef = B2253A6E209F42430039F574 /* Firebase.swift */; };
		B225E3E01E44830F008E1D3D /* SwitchableTableViewController.swift in Sources */ = {isa = PBXBuildFile; fileRef = B225E3DF1E44830F008E1D3D /* SwitchableTableViewController.swift */; };
		B22600311E1562E700EBDD40 /* MediaTemple.swift in Sources */ = {isa = PBXBuildFile; fileRef = B22600301E1562E700EBDD40 /* MediaTemple.swift */; };
		B22BA3021E8119AB0038D8F6 /* Discord.swift in Sources */ = {isa = PBXBuildFile; fileRef = B22BA3011E8119AB0038D8F6 /* Discord.swift */; };
		B22BB39F223B33AE00B43BED /* CampaignMonitor.swift in Sources */ = {isa = PBXBuildFile; fileRef = B22BB39E223B33AE00B43BED /* CampaignMonitor.swift */; };
		B22BB3A1223B341B00B43BED /* OnePassword.swift in Sources */ = {isa = PBXBuildFile; fileRef = B22BB3A0223B341B00B43BED /* OnePassword.swift */; };
		B22BB3A3223B346E00B43BED /* Dashlane.swift in Sources */ = {isa = PBXBuildFile; fileRef = B22BB3A2223B346E00B43BED /* Dashlane.swift */; };
		B22FDE4821089C6200359EC9 /* PayPal.swift in Sources */ = {isa = PBXBuildFile; fileRef = B22FDE4721089C6200359EC9 /* PayPal.swift */; };
		B22FDE4D2108A5AE00359EC9 /* PayPalProductProduction.swift in Sources */ = {isa = PBXBuildFile; fileRef = B22FDE4C2108A5AE00359EC9 /* PayPalProductProduction.swift */; };
		B22FDE4F2108A5B700359EC9 /* PayPalProductSandbox.swift in Sources */ = {isa = PBXBuildFile; fileRef = B22FDE4E2108A5B700359EC9 /* PayPalProductSandbox.swift */; };
		B22FDE512108A5C200359EC9 /* PayPalAPIProduction.swift in Sources */ = {isa = PBXBuildFile; fileRef = B22FDE502108A5C200359EC9 /* PayPalAPIProduction.swift */; };
		B22FDE532108A5CC00359EC9 /* PayPalAPISandbox.swift in Sources */ = {isa = PBXBuildFile; fileRef = B22FDE522108A5CC00359EC9 /* PayPalAPISandbox.swift */; };
		B23038F11E0DF3CC00B29095 /* Beanstalk.swift in Sources */ = {isa = PBXBuildFile; fileRef = B23038F01E0DF3CC00B29095 /* Beanstalk.swift */; };
		B230CE7D21B95B5D00E2005D /* Wasabi.swift in Sources */ = {isa = PBXBuildFile; fileRef = B230CE7C21B95B5D00E2005D /* Wasabi.swift */; };
		B230CE7F21B95C5500E2005D /* Stripe.swift in Sources */ = {isa = PBXBuildFile; fileRef = B230CE7E21B95C5500E2005D /* Stripe.swift */; };
		B232047F22158BDF000DC1B0 /* DatadogEU.swift in Sources */ = {isa = PBXBuildFile; fileRef = B232047E22158BDF000DC1B0 /* DatadogEU.swift */; };
		B232A18D20944B960066AD01 /* Cloud66.swift in Sources */ = {isa = PBXBuildFile; fileRef = B232A18C20944B950066AD01 /* Cloud66.swift */; };
		B23533DF2285B48F00DEDC36 /* DateHelper.framework in Frameworks */ = {isa = PBXBuildFile; fileRef = B23533DE2285B48E00DEDC36 /* DateHelper.framework */; };
		B23533E02285B49700DEDC36 /* DateHelper.framework in CopyFiles */ = {isa = PBXBuildFile; fileRef = B23533DE2285B48E00DEDC36 /* DateHelper.framework */; settings = {ATTRIBUTES = (CodeSignOnCopy, RemoveHeadersOnCopy, ); }; };
		B235341F22888EFE00DEDC36 /* Sendinblue.swift in Sources */ = {isa = PBXBuildFile; fileRef = B235341E22888EFE00DEDC36 /* Sendinblue.swift */; };
		B2357D711E5C08AF0093B8A6 /* Netlify.swift in Sources */ = {isa = PBXBuildFile; fileRef = B2357D701E5C08AF0093B8A6 /* Netlify.swift */; };
		B235B3BD1DF562C400821936 /* SettingsView.swift in Sources */ = {isa = PBXBuildFile; fileRef = B235B3BC1DF562C400821936 /* SettingsView.swift */; };
		B23D4E6D1E13471200B04F18 /* Intercom.swift in Sources */ = {isa = PBXBuildFile; fileRef = B23D4E6C1E13471200B04F18 /* Intercom.swift */; };
		B23D4E6F1E13475900B04F18 /* KeenIO.swift in Sources */ = {isa = PBXBuildFile; fileRef = B23D4E6E1E13475900B04F18 /* KeenIO.swift */; };
		B24220E41E2F6BBA0007E50E /* Typeform.swift in Sources */ = {isa = PBXBuildFile; fileRef = B24220E31E2F6BBA0007E50E /* Typeform.swift */; };
		B2430807210810D0003F8D07 /* Algolia.swift in Sources */ = {isa = PBXBuildFile; fileRef = B2430806210810D0003F8D07 /* Algolia.swift */; };
		B2483CF12037029D00A9FA95 /* Zwift.swift in Sources */ = {isa = PBXBuildFile; fileRef = B2483CF02037029D00A9FA95 /* Zwift.swift */; };
		B2493F061E2603F300556A83 /* GoogleCloudPlatform.swift in Sources */ = {isa = PBXBuildFile; fileRef = B2493F051E2603F300556A83 /* GoogleCloudPlatform.swift */; };
		B24D19F61DD072840052E539 /* Preferences.swift in Sources */ = {isa = PBXBuildFile; fileRef = B24D19F51DD072840052E539 /* Preferences.swift */; };
		B24F91231E8B51A400A77460 /* Auth0.swift in Sources */ = {isa = PBXBuildFile; fileRef = B24F91221E8B51A400A77460 /* Auth0.swift */; };
		B254642321EE9AF6003068A4 /* GitHub.swift in Sources */ = {isa = PBXBuildFile; fileRef = B254642221EE9AF6003068A4 /* GitHub.swift */; };
		B2563BBC22CBC3D500532C39 /* DataLoader.swift in Sources */ = {isa = PBXBuildFile; fileRef = B2563BBB22CBC3D500532C39 /* DataLoader.swift */; };
		B2563BBE22CBC65A00532C39 /* URLSessionMock.swift in Sources */ = {isa = PBXBuildFile; fileRef = B2563BBD22CBC65A00532C39 /* URLSessionMock.swift */; };
		B25695591E247C8C00FAE413 /* Atlassian.swift in Sources */ = {isa = PBXBuildFile; fileRef = B25695501E247C8C00FAE413 /* Atlassian.swift */; };
		B256955A1E247C8C00FAE413 /* Cloudinary.swift in Sources */ = {isa = PBXBuildFile; fileRef = B25695511E247C8C00FAE413 /* Cloudinary.swift */; };
		B256955B1E247C8C00FAE413 /* HipChat.swift in Sources */ = {isa = PBXBuildFile; fileRef = B25695521E247C8C00FAE413 /* HipChat.swift */; };
		B256955C1E247C8C00FAE413 /* PagerDuty.swift in Sources */ = {isa = PBXBuildFile; fileRef = B25695531E247C8C00FAE413 /* PagerDuty.swift */; };
		B256955D1E247C8C00FAE413 /* Pingdom.swift in Sources */ = {isa = PBXBuildFile; fileRef = B25695541E247C8C00FAE413 /* Pingdom.swift */; };
		B256955E1E247C8C00FAE413 /* SauceLabs.swift in Sources */ = {isa = PBXBuildFile; fileRef = B25695551E247C8C00FAE413 /* SauceLabs.swift */; };
		B256955F1E247C8C00FAE413 /* SendGrid.swift in Sources */ = {isa = PBXBuildFile; fileRef = B25695561E247C8C00FAE413 /* SendGrid.swift */; };
		B25695601E247C8C00FAE413 /* SmartyStreets.swift in Sources */ = {isa = PBXBuildFile; fileRef = B25695571E247C8C00FAE413 /* SmartyStreets.swift */; };
		B25695611E247C8C00FAE413 /* Squarespace.swift in Sources */ = {isa = PBXBuildFile; fileRef = B25695581E247C8C00FAE413 /* Squarespace.swift */; };
		B257469B1E2781A3003A07A4 /* CodeClimate.swift in Sources */ = {isa = PBXBuildFile; fileRef = B257469A1E2781A3003A07A4 /* CodeClimate.swift */; };
		B25FBFFD1DCAF2CE0099A388 /* CustomScrollView.swift in Sources */ = {isa = PBXBuildFile; fileRef = B25FBFFC1DCAF2CE0099A388 /* CustomScrollView.swift */; };
		B26350FD1ED7CFC40069EA73 /* Loggly.swift in Sources */ = {isa = PBXBuildFile; fileRef = B26350FC1ED7CFC40069EA73 /* Loggly.swift */; };
		B26350FF1ED7D0210069EA73 /* Segment.swift in Sources */ = {isa = PBXBuildFile; fileRef = B26350FE1ED7D0210069EA73 /* Segment.swift */; };
		B269FCBB1E261BDF0016041D /* Figma.swift in Sources */ = {isa = PBXBuildFile; fileRef = B269FCBA1E261BDF0016041D /* Figma.swift */; };
		B26CD1E81DD59FDD0054A385 /* Kanna.framework in Frameworks */ = {isa = PBXBuildFile; fileRef = B26CD1E71DD59FDD0054A385 /* Kanna.framework */; };
		B26CD1EA1DD59FE60054A385 /* Kanna.framework in CopyFiles */ = {isa = PBXBuildFile; fileRef = B26CD1E71DD59FDD0054A385 /* Kanna.framework */; settings = {ATTRIBUTES = (CodeSignOnCopy, RemoveHeadersOnCopy, ); }; };
		B26CD1EC1DD59FFB0054A385 /* DigitalOcean.swift in Sources */ = {isa = PBXBuildFile; fileRef = B26CD1EB1DD59FFB0054A385 /* DigitalOcean.swift */; };
		B27090F1209F52EB0094C3D7 /* Stream.swift in Sources */ = {isa = PBXBuildFile; fileRef = B27090F0209F52EB0094C3D7 /* Stream.swift */; };
		B271688A2291AEEE001E608C /* Asana.swift in Sources */ = {isa = PBXBuildFile; fileRef = B27168892291AEEE001E608C /* Asana.swift */; };
		B276C8F41DD474200098B451 /* MBPopup.framework in Frameworks */ = {isa = PBXBuildFile; fileRef = B276C8F11DD474200098B451 /* MBPopup.framework */; };
		B276C8F71DD4742D0098B451 /* MBPopup.framework in CopyFiles */ = {isa = PBXBuildFile; fileRef = B276C8F11DD474200098B451 /* MBPopup.framework */; settings = {ATTRIBUTES = (CodeSignOnCopy, RemoveHeadersOnCopy, ); }; };
		B277BC9222B4BB5C000B55C3 /* AzureDevOps.swift in Sources */ = {isa = PBXBuildFile; fileRef = B277BC9122B4BB5C000B55C3 /* AzureDevOps.swift */; };
		B277BC9422B4BB6D000B55C3 /* AzureDevOpsStore.swift in Sources */ = {isa = PBXBuildFile; fileRef = B277BC9322B4BB6D000B55C3 /* AzureDevOpsStore.swift */; };
		B277BC9822B4C16A000B55C3 /* AzureDevOpsServices.swift in Sources */ = {isa = PBXBuildFile; fileRef = B277BC9722B4C16A000B55C3 /* AzureDevOpsServices.swift */; };
		B2841CEB20BA6207004AFDB7 /* SorryService.swift in Sources */ = {isa = PBXBuildFile; fileRef = B2841CEA20BA6207004AFDB7 /* SorryService.swift */; };
		B2894CE420EEE2780009CCA3 /* Buildkite.swift in Sources */ = {isa = PBXBuildFile; fileRef = B2894CE320EEE2780009CCA3 /* Buildkite.swift */; };
		B2898FD01DC7441D0005F58F /* StatusIndicator.swift in Sources */ = {isa = PBXBuildFile; fileRef = B2898FCF1DC7441D0005F58F /* StatusIndicator.swift */; };
		B28C1D421E607D2200F9D0DC /* Fabric.swift in Sources */ = {isa = PBXBuildFile; fileRef = B28C1D411E607D2200F9D0DC /* Fabric.swift */; };
		B28C1D441E607D8600F9D0DC /* Mapbox.swift in Sources */ = {isa = PBXBuildFile; fileRef = B28C1D431E607D8600F9D0DC /* Mapbox.swift */; };
		B28DFE4721377A0B000EE4AF /* Wodby.swift in Sources */ = {isa = PBXBuildFile; fileRef = B28DFE4621377A0B000EE4AF /* Wodby.swift */; };
		B28E9FBF1ED26A40006B89F1 /* Dwolla.swift in Sources */ = {isa = PBXBuildFile; fileRef = B28E9FBD1ED26A40006B89F1 /* Dwolla.swift */; };
		B28E9FC01ED26A40006B89F1 /* Lob.swift in Sources */ = {isa = PBXBuildFile; fileRef = B28E9FBE1ED26A40006B89F1 /* Lob.swift */; };
		B28FF68B1E94761A005897A9 /* Codecov.swift in Sources */ = {isa = PBXBuildFile; fileRef = B28FF68A1E94761A005897A9 /* Codecov.swift */; };
		B290315C1E4B0CA7005B58CC /* Evernote.swift in Sources */ = {isa = PBXBuildFile; fileRef = B290315B1E4B0CA7005B58CC /* Evernote.swift */; };
		B299C8431DD044160024D2E9 /* NewRelic.swift in Sources */ = {isa = PBXBuildFile; fileRef = B299C8421DD044160024D2E9 /* NewRelic.swift */; };
		B299C8451DD046F20024D2E9 /* AmazonWebServices.swift in Sources */ = {isa = PBXBuildFile; fileRef = B299C8441DD046F20024D2E9 /* AmazonWebServices.swift */; };
		B299C8471DD04D7C0024D2E9 /* NPM.swift in Sources */ = {isa = PBXBuildFile; fileRef = B299C8461DD04D7C0024D2E9 /* NPM.swift */; };
		B299C8491DD04DCB0024D2E9 /* RubyGems.swift in Sources */ = {isa = PBXBuildFile; fileRef = B299C8481DD04DCB0024D2E9 /* RubyGems.swift */; };
		B299C84B1DD04E850024D2E9 /* Pusher.swift in Sources */ = {isa = PBXBuildFile; fileRef = B299C84A1DD04E850024D2E9 /* Pusher.swift */; };
		B299C84D1DD04ED90024D2E9 /* Reddit.swift in Sources */ = {isa = PBXBuildFile; fileRef = B299C84C1DD04ED90024D2E9 /* Reddit.swift */; };
		B299C84F1DD04F8F0024D2E9 /* BitBucket.swift in Sources */ = {isa = PBXBuildFile; fileRef = B299C84E1DD04F8F0024D2E9 /* BitBucket.swift */; };
		B299C8511DD04FD60024D2E9 /* Cloudflare.swift in Sources */ = {isa = PBXBuildFile; fileRef = B299C8501DD04FD60024D2E9 /* Cloudflare.swift */; };
		B299C8531DD0505F0024D2E9 /* Sentry.swift in Sources */ = {isa = PBXBuildFile; fileRef = B299C8521DD0505F0024D2E9 /* Sentry.swift */; };
		B299C8551DD051210024D2E9 /* EngineYard.swift in Sources */ = {isa = PBXBuildFile; fileRef = B299C8541DD051210024D2E9 /* EngineYard.swift */; };
		B29AEFD0225D7F3900C3B8BD /* UrbanAirship.swift in Sources */ = {isa = PBXBuildFile; fileRef = B29AEFCF225D7F3900C3B8BD /* UrbanAirship.swift */; };
		B2A0635C1E1340B400EEA762 /* Docker.swift in Sources */ = {isa = PBXBuildFile; fileRef = B2A0635B1E1340B400EEA762 /* Docker.swift */; };
		B2A0635E1E1341C900EEA762 /* StatusioV1Service.swift in Sources */ = {isa = PBXBuildFile; fileRef = B2A0635D1E1341C900EEA762 /* StatusioV1Service.swift */; };
		B2A0A16F1E4C45E0000D9B29 /* MailChimp.swift in Sources */ = {isa = PBXBuildFile; fileRef = B2A0A16E1E4C45E0000D9B29 /* MailChimp.swift */; };
		B2A23E321DD190EF0051E913 /* EditorTableViewController.swift in Sources */ = {isa = PBXBuildFile; fileRef = B2A23E311DD190EF0051E913 /* EditorTableViewController.swift */; };
		B2A23E341DD192CD0051E913 /* EditorTableCell.swift in Sources */ = {isa = PBXBuildFile; fileRef = B2A23E331DD192CD0051E913 /* EditorTableCell.swift */; };
		B2A4A8161DC82CE300037E99 /* BottomBar.swift in Sources */ = {isa = PBXBuildFile; fileRef = B2A4A8151DC82CE300037E99 /* BottomBar.swift */; };
		B2A8AE3D20710EC8002699CE /* Unsplash.swift in Sources */ = {isa = PBXBuildFile; fileRef = B2A8AE3C20710EC8002699CE /* Unsplash.swift */; };
		B2A93ADD1EB814C000D36DD3 /* Snyk.swift in Sources */ = {isa = PBXBuildFile; fileRef = B2A93ADC1EB814C000D36DD3 /* Snyk.swift */; };
		B2A9BFB41DC6E30F001BD4B7 /* Icons.swift in Sources */ = {isa = PBXBuildFile; fileRef = B2A9BFB31DC6E30F001BD4B7 /* Icons.swift */; };
		B2ABB6171F59770800DF8EC2 /* Imgix.swift in Sources */ = {isa = PBXBuildFile; fileRef = B2ABB6161F59770800DF8EC2 /* Imgix.swift */; };
		B2B015C21DBDE69B00699211 /* StatusTableCell.swift in Sources */ = {isa = PBXBuildFile; fileRef = B2B015C11DBDE69B00699211 /* StatusTableCell.swift */; };
		B2B2D1031D49D5080014D780 /* AppDelegate.swift in Sources */ = {isa = PBXBuildFile; fileRef = B2B2D1021D49D5080014D780 /* AppDelegate.swift */; };
		B2B2D1051D49D5080014D780 /* Assets.xcassets in Resources */ = {isa = PBXBuildFile; fileRef = B2B2D1041D49D5080014D780 /* Assets.xcassets */; };
		B2B2D1081D49D5080014D780 /* MainMenu.xib in Resources */ = {isa = PBXBuildFile; fileRef = B2B2D1061D49D5080014D780 /* MainMenu.xib */; };
		B2BA36191ED7B0F200051083 /* AuthorizeNet.swift in Sources */ = {isa = PBXBuildFile; fileRef = B2BA36181ED7B0F200051083 /* AuthorizeNet.swift */; };
		B2BA697E1E2DA3A20016AF1A /* PivotalTracker.swift in Sources */ = {isa = PBXBuildFile; fileRef = B2BA697D1E2DA3A20016AF1A /* PivotalTracker.swift */; };
		B2BA69801E2DA3F60016AF1A /* Papertrail.swift in Sources */ = {isa = PBXBuildFile; fileRef = B2BA697F1E2DA3F60016AF1A /* Papertrail.swift */; };
		B2BB19BA20B8FEFD00A97A87 /* CachetService.swift in Sources */ = {isa = PBXBuildFile; fileRef = B2BB19B920B8FEFD00A97A87 /* CachetService.swift */; };
		B2BB19BC20B9043F00A97A87 /* Yarn.swift in Sources */ = {isa = PBXBuildFile; fileRef = B2BB19BB20B9043F00A97A87 /* Yarn.swift */; };
		B2C10F3C203646A7008E1E7D /* Gandi.swift in Sources */ = {isa = PBXBuildFile; fileRef = B2C10F3B203646A7008E1E7D /* Gandi.swift */; };
		B2C337A51E1417390007E110 /* Mixpanel.swift in Sources */ = {isa = PBXBuildFile; fileRef = B2C337A41E1417390007E110 /* Mixpanel.swift */; };
		B2C4670F1E70012700C5145D /* Zapier.swift in Sources */ = {isa = PBXBuildFile; fileRef = B2C4670E1E70012700C5145D /* Zapier.swift */; };
		B2C4FC4B1DF4FE3B00365B94 /* SectionHeaderView.swift in Sources */ = {isa = PBXBuildFile; fileRef = B2C4FC4A1DF4FE3B00365B94 /* SectionHeaderView.swift */; };
		B2C548E122B27AF200D1D7EF /* Reachability.framework in Frameworks */ = {isa = PBXBuildFile; fileRef = B2C548E022B27AF200D1D7EF /* Reachability.framework */; };
		B2C548E222B27B0D00D1D7EF /* Reachability.framework in CopyFiles */ = {isa = PBXBuildFile; fileRef = B2C548E022B27AF200D1D7EF /* Reachability.framework */; settings = {ATTRIBUTES = (CodeSignOnCopy, RemoveHeadersOnCopy, ); }; };
		B2CB0F9B2047A60000873C14 /* Vimeo.swift in Sources */ = {isa = PBXBuildFile; fileRef = B2CB0F9A2047A60000873C14 /* Vimeo.swift */; };
		B2CBE08F21B95A7B00F5B28F /* GitLab.swift in Sources */ = {isa = PBXBuildFile; fileRef = B2CBE08E21B95A7B00F5B28F /* GitLab.swift */; };
		B2CE72D6228587E000847E00 /* Acquia.swift in Sources */ = {isa = PBXBuildFile; fileRef = B2CE72D5228587E000847E00 /* Acquia.swift */; };
		B2CEB9A11DFD8984005FB901 /* StartAtLogin.framework in Frameworks */ = {isa = PBXBuildFile; fileRef = B2CEB9A01DFD8984005FB901 /* StartAtLogin.framework */; };
		B2CEB9A21DFD8987005FB901 /* StartAtLogin.framework in CopyFiles */ = {isa = PBXBuildFile; fileRef = B2CEB9A01DFD8984005FB901 /* StartAtLogin.framework */; settings = {ATTRIBUTES = (CodeSignOnCopy, RemoveHeadersOnCopy, ); }; };
		B2CEE5D722B49CB50073C743 /* Azure.swift in Sources */ = {isa = PBXBuildFile; fileRef = B2CEE5D622B49CB50073C743 /* Azure.swift */; };
		B2CEE5D922B49CC80073C743 /* AzureStore.swift in Sources */ = {isa = PBXBuildFile; fileRef = B2CEE5D822B49CC80073C743 /* AzureStore.swift */; };
		B2CEE5DB22B4A97B0073C743 /* AzureServices.swift in Sources */ = {isa = PBXBuildFile; fileRef = B2CEE5DA22B4A97B0073C743 /* AzureServices.swift */; };
		B2D032D01D6455E300D51CB8 /* TravisCI.swift in Sources */ = {isa = PBXBuildFile; fileRef = B2D032CF1D6455E300D51CB8 /* TravisCI.swift */; };
		B2D2B6CF20870E700011723B /* StatusPage.swift in Sources */ = {isa = PBXBuildFile; fileRef = B2D2B6CE20870E700011723B /* StatusPage.swift */; };
		B2D468291E2F0F82000F8F6B /* Coveralls.swift in Sources */ = {isa = PBXBuildFile; fileRef = B2D468281E2F0F82000F8F6B /* Coveralls.swift */; };
		B2D6FDAE21B95A0800F95940 /* LastPass.swift in Sources */ = {isa = PBXBuildFile; fileRef = B2D6FDAD21B95A0800F95940 /* LastPass.swift */; };
		B2DCE68D221591F2001447D8 /* LambStatusService.swift in Sources */ = {isa = PBXBuildFile; fileRef = B2DCE68C221591F2001447D8 /* LambStatusService.swift */; };
		B2DCE6902215992E001447D8 /* Apple.swift in Sources */ = {isa = PBXBuildFile; fileRef = B2DCE68F2215992E001447D8 /* Apple.swift */; };
		B2DCE6922215AA4A001447D8 /* AppleDeveloper.swift in Sources */ = {isa = PBXBuildFile; fileRef = B2DCE6912215AA4A001447D8 /* AppleDeveloper.swift */; };
		B2DCE6952215ACDE001447D8 /* StringExtensions.swift in Sources */ = {isa = PBXBuildFile; fileRef = B2DCE6942215ACDE001447D8 /* StringExtensions.swift */; };
		B2DEE0BE1E696D64006B198E /* Slack.swift in Sources */ = {isa = PBXBuildFile; fileRef = B2DEE0BD1E696D64006B198E /* Slack.swift */; };
		B2E018FD214E60E700C5F75B /* AppearanceObserver.swift in Sources */ = {isa = PBXBuildFile; fileRef = B2E018FC214E60E700C5F75B /* AppearanceObserver.swift */; };
		B2E70FD822B069BA000BCAD2 /* GoogleCloudPlatformServices.swift in Sources */ = {isa = PBXBuildFile; fileRef = B2E70FD722B069BA000BCAD2 /* GoogleCloudPlatformServices.swift */; };
		B2E70FDB22B07DBC000BCAD2 /* GoogleCloudPlatformAll.swift in Sources */ = {isa = PBXBuildFile; fileRef = B2E70FDA22B07DBC000BCAD2 /* GoogleCloudPlatformAll.swift */; };
		B2E70FDD22B07FB0000BCAD2 /* FirebaseServices.swift in Sources */ = {isa = PBXBuildFile; fileRef = B2E70FDC22B07FB0000BCAD2 /* FirebaseServices.swift */; };
		B2EAD8D520B8FDB800095F5B /* JAMF.swift in Sources */ = {isa = PBXBuildFile; fileRef = B2EAD8D420B8FDB700095F5B /* JAMF.swift */; };
		B2EB51CE1E7004A3001D6F78 /* ExanaService.swift in Sources */ = {isa = PBXBuildFile; fileRef = B2EB51CD1E7004A3001D6F78 /* ExanaService.swift */; };
		B2EB51D01E700517001D6F78 /* Codacy.swift in Sources */ = {isa = PBXBuildFile; fileRef = B2EB51CF1E700517001D6F78 /* Codacy.swift */; };
		B2F127A71E0B84230035B20C /* PubNub.swift in Sources */ = {isa = PBXBuildFile; fileRef = B2F127A61E0B84230035B20C /* PubNub.swift */; };
		B2F127A91E0B84B50035B20C /* Twilio.swift in Sources */ = {isa = PBXBuildFile; fileRef = B2F127A81E0B84B50035B20C /* Twilio.swift */; };
		B2F127AB1E0B84F00035B20C /* Braintree.swift in Sources */ = {isa = PBXBuildFile; fileRef = B2F127AA1E0B84F00035B20C /* Braintree.swift */; };
		B2F34041222630F20055C96F /* CloudApp.swift in Sources */ = {isa = PBXBuildFile; fileRef = B2F34040222630F20055C96F /* CloudApp.swift */; };
		B2F35F261E5D181300E3A00E /* Quay.swift in Sources */ = {isa = PBXBuildFile; fileRef = B2F35F251E5D181300E3A00E /* Quay.swift */; };
		B2FAB94C1E5C029A00B8921F /* DNSimple.swift in Sources */ = {isa = PBXBuildFile; fileRef = B2FAB94B1E5C029A00B8921F /* DNSimple.swift */; };
		B2FDC91A1D67029900F0B728 /* Heroku.swift in Sources */ = {isa = PBXBuildFile; fileRef = B2FDC9191D67029900F0B728 /* Heroku.swift */; };
		B2FDC91C1D67062200F0B728 /* StatusPageService.swift in Sources */ = {isa = PBXBuildFile; fileRef = B2FDC91B1D67062200F0B728 /* StatusPageService.swift */; };
		B2FDC91E1D6706C400F0B728 /* CircleCI.swift in Sources */ = {isa = PBXBuildFile; fileRef = B2FDC91D1D6706C400F0B728 /* CircleCI.swift */; };
		B2FFC1F01E261B4A00529A00 /* Dropbox.swift in Sources */ = {isa = PBXBuildFile; fileRef = B2FFC1EF1E261B4A00529A00 /* Dropbox.swift */; };
		BF7AA78122B03AE4002460FB /* Bitrise.swift in Sources */ = {isa = PBXBuildFile; fileRef = BF7AA78022B03AE4002460FB /* Bitrise.swift */; };
		C7F7518A1E2CCA7A0013E8E2 /* WeTransfer.swift in Sources */ = {isa = PBXBuildFile; fileRef = C7F751891E2CCA7A0013E8E2 /* WeTransfer.swift */; };
/* End PBXBuildFile section */

/* Begin PBXContainerItemProxy section */
		B2163AFA20BA4E7500B14A85 /* PBXContainerItemProxy */ = {
			isa = PBXContainerItemProxy;
			containerPortal = B2B2D0F71D49D5080014D780 /* Project object */;
			proxyType = 1;
			remoteGlobalIDString = B2B2D0FE1D49D5080014D780;
			remoteInfo = stts;
		};
/* End PBXContainerItemProxy section */

/* Begin PBXCopyFilesBuildPhase section */
		B22EC6891D80111900ED7917 /* CopyFiles */ = {
			isa = PBXCopyFilesBuildPhase;
			buildActionMask = 2147483647;
			dstPath = "";
			dstSubfolderSpec = 10;
			files = (
				B2C548E222B27B0D00D1D7EF /* Reachability.framework in CopyFiles */,
				B26CD1EA1DD59FE60054A385 /* Kanna.framework in CopyFiles */,
				B2CEB9A21DFD8987005FB901 /* StartAtLogin.framework in CopyFiles */,
				B276C8F71DD4742D0098B451 /* MBPopup.framework in CopyFiles */,
				B23533E02285B49700DEDC36 /* DateHelper.framework in CopyFiles */,
			);
			runOnlyForDeploymentPostprocessing = 0;
		};
/* End PBXCopyFilesBuildPhase section */

/* Begin PBXFileReference section */
		03C5FB121E203325003C40B8 /* Packet.swift */ = {isa = PBXFileReference; fileEncoding = 4; lastKnownFileType = sourcecode.swift; path = Packet.swift; sourceTree = "<group>"; };
		194BC88122A8EAC00065E698 /* Clubhouse.swift */ = {isa = PBXFileReference; fileEncoding = 4; lastKnownFileType = sourcecode.swift; path = Clubhouse.swift; sourceTree = "<group>"; };
		2F1B7558227A095400BA5CBD /* Avalara.swift */ = {isa = PBXFileReference; lastKnownFileType = sourcecode.swift; path = Avalara.swift; sourceTree = "<group>"; };
		2F65F48F227A198400432E64 /* Recurly.swift */ = {isa = PBXFileReference; lastKnownFileType = sourcecode.swift; path = Recurly.swift; sourceTree = "<group>"; };
		36AD8ED2235A1CE500F2FD73 /* LaunchDarkly.swift */ = {isa = PBXFileReference; lastKnownFileType = sourcecode.swift; path = LaunchDarkly.swift; sourceTree = "<group>"; };
		7B305FAA210237AA0086DCE0 /* Spoke.swift */ = {isa = PBXFileReference; lastKnownFileType = sourcecode.swift; path = Spoke.swift; sourceTree = "<group>"; };
		7BA6A0A12240D8E000700C2C /* Bolt.swift */ = {isa = PBXFileReference; lastKnownFileType = sourcecode.swift; path = Bolt.swift; sourceTree = "<group>"; };
		A0C3F34A220FD630005D9998 /* Datadog.swift */ = {isa = PBXFileReference; lastKnownFileType = sourcecode.swift; path = Datadog.swift; sourceTree = "<group>"; };
		A125C59D20F7909500C513B3 /* Fastly.swift */ = {isa = PBXFileReference; fileEncoding = 4; lastKnownFileType = sourcecode.swift; path = Fastly.swift; sourceTree = "<group>"; };
		A133C8B620F8F3670068CFE8 /* Mailgun.swift */ = {isa = PBXFileReference; lastKnownFileType = sourcecode.swift; path = Mailgun.swift; sourceTree = "<group>"; };
		B2006CF8223B356F0057E144 /* ProtonMail.swift */ = {isa = PBXFileReference; lastKnownFileType = sourcecode.swift; path = ProtonMail.swift; sourceTree = "<group>"; };
		B20396351EE6A060008CCA21 /* Trello.swift */ = {isa = PBXFileReference; fileEncoding = 4; lastKnownFileType = sourcecode.swift; path = Trello.swift; sourceTree = "<group>"; };
		B20396371EE6A06C008CCA21 /* Filestack.swift */ = {isa = PBXFileReference; fileEncoding = 4; lastKnownFileType = sourcecode.swift; path = Filestack.swift; sourceTree = "<group>"; };
		B205A9171D49D67700EA178D /* Service.swift */ = {isa = PBXFileReference; fileEncoding = 4; lastKnownFileType = sourcecode.swift; path = Service.swift; sourceTree = "<group>"; };
		B20699D1214E504E008670B0 /* Robinhood.swift */ = {isa = PBXFileReference; fileEncoding = 4; lastKnownFileType = sourcecode.swift; path = Robinhood.swift; sourceTree = "<group>"; };
		B211F0B71E607C09008DD360 /* Rollbar.swift */ = {isa = PBXFileReference; fileEncoding = 4; lastKnownFileType = sourcecode.swift; path = Rollbar.swift; sourceTree = "<group>"; };
		B21308551E55594E009FCF02 /* Quandl.swift */ = {isa = PBXFileReference; fileEncoding = 4; lastKnownFileType = sourcecode.swift; path = Quandl.swift; sourceTree = "<group>"; };
		B213A1761DC97E2B008E8E58 /* ServiceTableViewController.swift */ = {isa = PBXFileReference; fileEncoding = 4; lastKnownFileType = sourcecode.swift; path = ServiceTableViewController.swift; sourceTree = "<group>"; };
		B213A1781DC9EA25008E8E58 /* ServiceTableRowView.swift */ = {isa = PBXFileReference; fileEncoding = 4; lastKnownFileType = sourcecode.swift; path = ServiceTableRowView.swift; sourceTree = "<group>"; };
		B21492CA21EE9BD70065103E /* ScaleGrid.swift */ = {isa = PBXFileReference; lastKnownFileType = sourcecode.swift; path = ScaleGrid.swift; sourceTree = "<group>"; };
		B2163AF520BA4E7500B14A85 /* sttsTests.xctest */ = {isa = PBXFileReference; explicitFileType = wrapper.cfbundle; includeInIndex = 0; path = sttsTests.xctest; sourceTree = BUILT_PRODUCTS_DIR; };
		B2163AF720BA4E7500B14A85 /* sttsTests.swift */ = {isa = PBXFileReference; lastKnownFileType = sourcecode.swift; path = sttsTests.swift; sourceTree = "<group>"; };
		B2163AF920BA4E7500B14A85 /* Info.plist */ = {isa = PBXFileReference; lastKnownFileType = text.plist.xml; path = Info.plist; sourceTree = "<group>"; };
		B2163AFF20BA56EF00B14A85 /* StatusCakeService.swift */ = {isa = PBXFileReference; lastKnownFileType = sourcecode.swift; path = StatusCakeService.swift; sourceTree = "<group>"; };
		B219C0D91E2F0E9F001F8E7F /* CocoaPods.swift */ = {isa = PBXFileReference; fileEncoding = 4; lastKnownFileType = sourcecode.swift; path = CocoaPods.swift; sourceTree = "<group>"; };
		B21DC0751F6B436400E8214F /* Aptible.swift */ = {isa = PBXFileReference; fileEncoding = 4; lastKnownFileType = sourcecode.swift; path = Aptible.swift; sourceTree = "<group>"; };
		B22527F41E5BD0C70098E73D /* Contentful.swift */ = {isa = PBXFileReference; fileEncoding = 4; lastKnownFileType = sourcecode.swift; path = Contentful.swift; sourceTree = "<group>"; };
		B2253A6A209F3C410039F574 /* GoogleStatusDashboardStore.swift */ = {isa = PBXFileReference; fileEncoding = 4; lastKnownFileType = sourcecode.swift; path = GoogleStatusDashboardStore.swift; sourceTree = "<group>"; };
		B2253A6C209F3F9F0039F574 /* FirebaseService.swift */ = {isa = PBXFileReference; lastKnownFileType = sourcecode.swift; path = FirebaseService.swift; sourceTree = "<group>"; };
		B2253A6E209F42430039F574 /* Firebase.swift */ = {isa = PBXFileReference; lastKnownFileType = sourcecode.swift; path = Firebase.swift; sourceTree = "<group>"; };
		B225E3DF1E44830F008E1D3D /* SwitchableTableViewController.swift */ = {isa = PBXFileReference; fileEncoding = 4; lastKnownFileType = sourcecode.swift; path = SwitchableTableViewController.swift; sourceTree = "<group>"; };
		B22600301E1562E700EBDD40 /* MediaTemple.swift */ = {isa = PBXFileReference; fileEncoding = 4; lastKnownFileType = sourcecode.swift; path = MediaTemple.swift; sourceTree = "<group>"; };
		B22BA3011E8119AB0038D8F6 /* Discord.swift */ = {isa = PBXFileReference; fileEncoding = 4; lastKnownFileType = sourcecode.swift; path = Discord.swift; sourceTree = "<group>"; };
		B22BB39E223B33AE00B43BED /* CampaignMonitor.swift */ = {isa = PBXFileReference; lastKnownFileType = sourcecode.swift; path = CampaignMonitor.swift; sourceTree = "<group>"; };
		B22BB3A0223B341B00B43BED /* OnePassword.swift */ = {isa = PBXFileReference; lastKnownFileType = sourcecode.swift; path = OnePassword.swift; sourceTree = "<group>"; };
		B22BB3A2223B346E00B43BED /* Dashlane.swift */ = {isa = PBXFileReference; lastKnownFileType = sourcecode.swift; path = Dashlane.swift; sourceTree = "<group>"; };
		B22FDE4721089C6200359EC9 /* PayPal.swift */ = {isa = PBXFileReference; lastKnownFileType = sourcecode.swift; path = PayPal.swift; sourceTree = "<group>"; };
		B22FDE4C2108A5AE00359EC9 /* PayPalProductProduction.swift */ = {isa = PBXFileReference; lastKnownFileType = sourcecode.swift; path = PayPalProductProduction.swift; sourceTree = "<group>"; };
		B22FDE4E2108A5B700359EC9 /* PayPalProductSandbox.swift */ = {isa = PBXFileReference; lastKnownFileType = sourcecode.swift; path = PayPalProductSandbox.swift; sourceTree = "<group>"; };
		B22FDE502108A5C200359EC9 /* PayPalAPIProduction.swift */ = {isa = PBXFileReference; lastKnownFileType = sourcecode.swift; path = PayPalAPIProduction.swift; sourceTree = "<group>"; };
		B22FDE522108A5CC00359EC9 /* PayPalAPISandbox.swift */ = {isa = PBXFileReference; lastKnownFileType = sourcecode.swift; path = PayPalAPISandbox.swift; sourceTree = "<group>"; };
		B23038F01E0DF3CC00B29095 /* Beanstalk.swift */ = {isa = PBXFileReference; fileEncoding = 4; lastKnownFileType = sourcecode.swift; path = Beanstalk.swift; sourceTree = "<group>"; };
		B230CE7C21B95B5D00E2005D /* Wasabi.swift */ = {isa = PBXFileReference; lastKnownFileType = sourcecode.swift; path = Wasabi.swift; sourceTree = "<group>"; };
		B230CE7E21B95C5500E2005D /* Stripe.swift */ = {isa = PBXFileReference; lastKnownFileType = sourcecode.swift; path = Stripe.swift; sourceTree = "<group>"; };
		B232047E22158BDF000DC1B0 /* DatadogEU.swift */ = {isa = PBXFileReference; lastKnownFileType = sourcecode.swift; path = DatadogEU.swift; sourceTree = "<group>"; };
		B232A18C20944B950066AD01 /* Cloud66.swift */ = {isa = PBXFileReference; fileEncoding = 4; lastKnownFileType = sourcecode.swift; path = Cloud66.swift; sourceTree = "<group>"; };
		B23533DE2285B48E00DEDC36 /* DateHelper.framework */ = {isa = PBXFileReference; lastKnownFileType = wrapper.framework; name = DateHelper.framework; path = Carthage/Build/Mac/DateHelper.framework; sourceTree = SOURCE_ROOT; };
		B235341E22888EFE00DEDC36 /* Sendinblue.swift */ = {isa = PBXFileReference; fileEncoding = 4; lastKnownFileType = sourcecode.swift; path = Sendinblue.swift; sourceTree = "<group>"; };
		B2357D701E5C08AF0093B8A6 /* Netlify.swift */ = {isa = PBXFileReference; fileEncoding = 4; lastKnownFileType = sourcecode.swift; path = Netlify.swift; sourceTree = "<group>"; };
		B235B3BC1DF562C400821936 /* SettingsView.swift */ = {isa = PBXFileReference; fileEncoding = 4; lastKnownFileType = sourcecode.swift; path = SettingsView.swift; sourceTree = "<group>"; };
		B23D4E6C1E13471200B04F18 /* Intercom.swift */ = {isa = PBXFileReference; fileEncoding = 4; lastKnownFileType = sourcecode.swift; path = Intercom.swift; sourceTree = "<group>"; };
		B23D4E6E1E13475900B04F18 /* KeenIO.swift */ = {isa = PBXFileReference; fileEncoding = 4; lastKnownFileType = sourcecode.swift; path = KeenIO.swift; sourceTree = "<group>"; };
		B24220E31E2F6BBA0007E50E /* Typeform.swift */ = {isa = PBXFileReference; fileEncoding = 4; lastKnownFileType = sourcecode.swift; path = Typeform.swift; sourceTree = "<group>"; };
		B2430806210810D0003F8D07 /* Algolia.swift */ = {isa = PBXFileReference; lastKnownFileType = sourcecode.swift; path = Algolia.swift; sourceTree = "<group>"; };
		B2483CF02037029D00A9FA95 /* Zwift.swift */ = {isa = PBXFileReference; fileEncoding = 4; lastKnownFileType = sourcecode.swift; path = Zwift.swift; sourceTree = "<group>"; };
		B2493F051E2603F300556A83 /* GoogleCloudPlatform.swift */ = {isa = PBXFileReference; fileEncoding = 4; lastKnownFileType = sourcecode.swift; path = GoogleCloudPlatform.swift; sourceTree = "<group>"; };
		B24D19F51DD072840052E539 /* Preferences.swift */ = {isa = PBXFileReference; fileEncoding = 4; lastKnownFileType = sourcecode.swift; path = Preferences.swift; sourceTree = "<group>"; };
		B24F91221E8B51A400A77460 /* Auth0.swift */ = {isa = PBXFileReference; fileEncoding = 4; lastKnownFileType = sourcecode.swift; path = Auth0.swift; sourceTree = "<group>"; };
		B254642221EE9AF6003068A4 /* GitHub.swift */ = {isa = PBXFileReference; fileEncoding = 4; lastKnownFileType = sourcecode.swift; path = GitHub.swift; sourceTree = "<group>"; };
		B2563BBB22CBC3D500532C39 /* DataLoader.swift */ = {isa = PBXFileReference; lastKnownFileType = sourcecode.swift; path = DataLoader.swift; sourceTree = "<group>"; };
		B2563BBD22CBC65A00532C39 /* URLSessionMock.swift */ = {isa = PBXFileReference; lastKnownFileType = sourcecode.swift; path = URLSessionMock.swift; sourceTree = "<group>"; };
		B25695501E247C8C00FAE413 /* Atlassian.swift */ = {isa = PBXFileReference; fileEncoding = 4; lastKnownFileType = sourcecode.swift; path = Atlassian.swift; sourceTree = "<group>"; };
		B25695511E247C8C00FAE413 /* Cloudinary.swift */ = {isa = PBXFileReference; fileEncoding = 4; lastKnownFileType = sourcecode.swift; path = Cloudinary.swift; sourceTree = "<group>"; };
		B25695521E247C8C00FAE413 /* HipChat.swift */ = {isa = PBXFileReference; fileEncoding = 4; lastKnownFileType = sourcecode.swift; path = HipChat.swift; sourceTree = "<group>"; };
		B25695531E247C8C00FAE413 /* PagerDuty.swift */ = {isa = PBXFileReference; fileEncoding = 4; lastKnownFileType = sourcecode.swift; path = PagerDuty.swift; sourceTree = "<group>"; };
		B25695541E247C8C00FAE413 /* Pingdom.swift */ = {isa = PBXFileReference; fileEncoding = 4; lastKnownFileType = sourcecode.swift; path = Pingdom.swift; sourceTree = "<group>"; };
		B25695551E247C8C00FAE413 /* SauceLabs.swift */ = {isa = PBXFileReference; fileEncoding = 4; lastKnownFileType = sourcecode.swift; path = SauceLabs.swift; sourceTree = "<group>"; };
		B25695561E247C8C00FAE413 /* SendGrid.swift */ = {isa = PBXFileReference; fileEncoding = 4; lastKnownFileType = sourcecode.swift; path = SendGrid.swift; sourceTree = "<group>"; };
		B25695571E247C8C00FAE413 /* SmartyStreets.swift */ = {isa = PBXFileReference; fileEncoding = 4; lastKnownFileType = sourcecode.swift; path = SmartyStreets.swift; sourceTree = "<group>"; };
		B25695581E247C8C00FAE413 /* Squarespace.swift */ = {isa = PBXFileReference; fileEncoding = 4; lastKnownFileType = sourcecode.swift; path = Squarespace.swift; sourceTree = "<group>"; };
		B257469A1E2781A3003A07A4 /* CodeClimate.swift */ = {isa = PBXFileReference; fileEncoding = 4; lastKnownFileType = sourcecode.swift; path = CodeClimate.swift; sourceTree = "<group>"; };
		B25FBFFC1DCAF2CE0099A388 /* CustomScrollView.swift */ = {isa = PBXFileReference; fileEncoding = 4; lastKnownFileType = sourcecode.swift; path = CustomScrollView.swift; sourceTree = "<group>"; };
		B26350FC1ED7CFC40069EA73 /* Loggly.swift */ = {isa = PBXFileReference; fileEncoding = 4; lastKnownFileType = sourcecode.swift; path = Loggly.swift; sourceTree = "<group>"; };
		B26350FE1ED7D0210069EA73 /* Segment.swift */ = {isa = PBXFileReference; fileEncoding = 4; lastKnownFileType = sourcecode.swift; path = Segment.swift; sourceTree = "<group>"; };
		B269FCBA1E261BDF0016041D /* Figma.swift */ = {isa = PBXFileReference; fileEncoding = 4; lastKnownFileType = sourcecode.swift; path = Figma.swift; sourceTree = "<group>"; };
		B26CD1E71DD59FDD0054A385 /* Kanna.framework */ = {isa = PBXFileReference; lastKnownFileType = wrapper.framework; name = Kanna.framework; path = Carthage/Build/Mac/Kanna.framework; sourceTree = SOURCE_ROOT; };
		B26CD1EB1DD59FFB0054A385 /* DigitalOcean.swift */ = {isa = PBXFileReference; fileEncoding = 4; lastKnownFileType = sourcecode.swift; path = DigitalOcean.swift; sourceTree = "<group>"; };
		B27090F0209F52EB0094C3D7 /* Stream.swift */ = {isa = PBXFileReference; lastKnownFileType = sourcecode.swift; path = Stream.swift; sourceTree = "<group>"; };
		B27168892291AEEE001E608C /* Asana.swift */ = {isa = PBXFileReference; fileEncoding = 4; lastKnownFileType = sourcecode.swift; path = Asana.swift; sourceTree = "<group>"; };
		B276C8F11DD474200098B451 /* MBPopup.framework */ = {isa = PBXFileReference; lastKnownFileType = wrapper.framework; name = MBPopup.framework; path = Carthage/Build/Mac/MBPopup.framework; sourceTree = SOURCE_ROOT; };
		B277BC9122B4BB5C000B55C3 /* AzureDevOps.swift */ = {isa = PBXFileReference; lastKnownFileType = sourcecode.swift; path = AzureDevOps.swift; sourceTree = "<group>"; };
		B277BC9322B4BB6D000B55C3 /* AzureDevOpsStore.swift */ = {isa = PBXFileReference; lastKnownFileType = sourcecode.swift; path = AzureDevOpsStore.swift; sourceTree = "<group>"; };
		B277BC9522B4BC6C000B55C3 /* generate_azure_devops_services.swift */ = {isa = PBXFileReference; lastKnownFileType = sourcecode.swift; path = generate_azure_devops_services.swift; sourceTree = "<group>"; };
		B277BC9722B4C16A000B55C3 /* AzureDevOpsServices.swift */ = {isa = PBXFileReference; fileEncoding = 4; lastKnownFileType = sourcecode.swift; path = AzureDevOpsServices.swift; sourceTree = "<group>"; };
		B2841CEA20BA6207004AFDB7 /* SorryService.swift */ = {isa = PBXFileReference; lastKnownFileType = sourcecode.swift; path = SorryService.swift; sourceTree = "<group>"; };
		B2894CE320EEE2780009CCA3 /* Buildkite.swift */ = {isa = PBXFileReference; lastKnownFileType = sourcecode.swift; path = Buildkite.swift; sourceTree = "<group>"; };
		B2898FCF1DC7441D0005F58F /* StatusIndicator.swift */ = {isa = PBXFileReference; fileEncoding = 4; lastKnownFileType = sourcecode.swift; path = StatusIndicator.swift; sourceTree = "<group>"; };
		B28C1D411E607D2200F9D0DC /* Fabric.swift */ = {isa = PBXFileReference; fileEncoding = 4; lastKnownFileType = sourcecode.swift; path = Fabric.swift; sourceTree = "<group>"; };
		B28C1D431E607D8600F9D0DC /* Mapbox.swift */ = {isa = PBXFileReference; fileEncoding = 4; lastKnownFileType = sourcecode.swift; path = Mapbox.swift; sourceTree = "<group>"; };
		B28DFE4621377A0B000EE4AF /* Wodby.swift */ = {isa = PBXFileReference; fileEncoding = 4; lastKnownFileType = sourcecode.swift; path = Wodby.swift; sourceTree = "<group>"; };
		B28E9FBD1ED26A40006B89F1 /* Dwolla.swift */ = {isa = PBXFileReference; fileEncoding = 4; lastKnownFileType = sourcecode.swift; path = Dwolla.swift; sourceTree = "<group>"; };
		B28E9FBE1ED26A40006B89F1 /* Lob.swift */ = {isa = PBXFileReference; fileEncoding = 4; lastKnownFileType = sourcecode.swift; path = Lob.swift; sourceTree = "<group>"; };
		B28FF68A1E94761A005897A9 /* Codecov.swift */ = {isa = PBXFileReference; fileEncoding = 4; lastKnownFileType = sourcecode.swift; path = Codecov.swift; sourceTree = "<group>"; };
		B290315B1E4B0CA7005B58CC /* Evernote.swift */ = {isa = PBXFileReference; fileEncoding = 4; lastKnownFileType = sourcecode.swift; path = Evernote.swift; sourceTree = "<group>"; };
		B299C8421DD044160024D2E9 /* NewRelic.swift */ = {isa = PBXFileReference; fileEncoding = 4; lastKnownFileType = sourcecode.swift; path = NewRelic.swift; sourceTree = "<group>"; };
		B299C8441DD046F20024D2E9 /* AmazonWebServices.swift */ = {isa = PBXFileReference; fileEncoding = 4; lastKnownFileType = sourcecode.swift; path = AmazonWebServices.swift; sourceTree = "<group>"; };
		B299C8461DD04D7C0024D2E9 /* NPM.swift */ = {isa = PBXFileReference; fileEncoding = 4; lastKnownFileType = sourcecode.swift; path = NPM.swift; sourceTree = "<group>"; };
		B299C8481DD04DCB0024D2E9 /* RubyGems.swift */ = {isa = PBXFileReference; fileEncoding = 4; lastKnownFileType = sourcecode.swift; path = RubyGems.swift; sourceTree = "<group>"; };
		B299C84A1DD04E850024D2E9 /* Pusher.swift */ = {isa = PBXFileReference; fileEncoding = 4; lastKnownFileType = sourcecode.swift; path = Pusher.swift; sourceTree = "<group>"; };
		B299C84C1DD04ED90024D2E9 /* Reddit.swift */ = {isa = PBXFileReference; fileEncoding = 4; lastKnownFileType = sourcecode.swift; path = Reddit.swift; sourceTree = "<group>"; };
		B299C84E1DD04F8F0024D2E9 /* BitBucket.swift */ = {isa = PBXFileReference; fileEncoding = 4; lastKnownFileType = sourcecode.swift; path = BitBucket.swift; sourceTree = "<group>"; };
		B299C8501DD04FD60024D2E9 /* Cloudflare.swift */ = {isa = PBXFileReference; fileEncoding = 4; lastKnownFileType = sourcecode.swift; path = Cloudflare.swift; sourceTree = "<group>"; };
		B299C8521DD0505F0024D2E9 /* Sentry.swift */ = {isa = PBXFileReference; fileEncoding = 4; lastKnownFileType = sourcecode.swift; path = Sentry.swift; sourceTree = "<group>"; };
		B299C8541DD051210024D2E9 /* EngineYard.swift */ = {isa = PBXFileReference; fileEncoding = 4; lastKnownFileType = sourcecode.swift; path = EngineYard.swift; sourceTree = "<group>"; };
		B29AEFCF225D7F3900C3B8BD /* UrbanAirship.swift */ = {isa = PBXFileReference; lastKnownFileType = sourcecode.swift; path = UrbanAirship.swift; sourceTree = "<group>"; };
		B2A0635B1E1340B400EEA762 /* Docker.swift */ = {isa = PBXFileReference; fileEncoding = 4; lastKnownFileType = sourcecode.swift; path = Docker.swift; sourceTree = "<group>"; };
		B2A0635D1E1341C900EEA762 /* StatusioV1Service.swift */ = {isa = PBXFileReference; fileEncoding = 4; lastKnownFileType = sourcecode.swift; path = StatusioV1Service.swift; sourceTree = "<group>"; };
		B2A0A16E1E4C45E0000D9B29 /* MailChimp.swift */ = {isa = PBXFileReference; fileEncoding = 4; lastKnownFileType = sourcecode.swift; path = MailChimp.swift; sourceTree = "<group>"; };
		B2A23E311DD190EF0051E913 /* EditorTableViewController.swift */ = {isa = PBXFileReference; fileEncoding = 4; lastKnownFileType = sourcecode.swift; path = EditorTableViewController.swift; sourceTree = "<group>"; };
		B2A23E331DD192CD0051E913 /* EditorTableCell.swift */ = {isa = PBXFileReference; fileEncoding = 4; lastKnownFileType = sourcecode.swift; path = EditorTableCell.swift; sourceTree = "<group>"; };
		B2A4A8151DC82CE300037E99 /* BottomBar.swift */ = {isa = PBXFileReference; fileEncoding = 4; lastKnownFileType = sourcecode.swift; path = BottomBar.swift; sourceTree = "<group>"; };
		B2A8AE3C20710EC8002699CE /* Unsplash.swift */ = {isa = PBXFileReference; lastKnownFileType = sourcecode.swift; path = Unsplash.swift; sourceTree = "<group>"; };
		B2A93ADC1EB814C000D36DD3 /* Snyk.swift */ = {isa = PBXFileReference; fileEncoding = 4; lastKnownFileType = sourcecode.swift; path = Snyk.swift; sourceTree = "<group>"; };
		B2A9BFB31DC6E30F001BD4B7 /* Icons.swift */ = {isa = PBXFileReference; fileEncoding = 4; lastKnownFileType = sourcecode.swift; path = Icons.swift; sourceTree = "<group>"; };
		B2ABB6161F59770800DF8EC2 /* Imgix.swift */ = {isa = PBXFileReference; fileEncoding = 4; lastKnownFileType = sourcecode.swift; path = Imgix.swift; sourceTree = "<group>"; };
		B2B015C11DBDE69B00699211 /* StatusTableCell.swift */ = {isa = PBXFileReference; fileEncoding = 4; lastKnownFileType = sourcecode.swift; path = StatusTableCell.swift; sourceTree = "<group>"; };
		B2B2D0FF1D49D5080014D780 /* stts.app */ = {isa = PBXFileReference; explicitFileType = wrapper.application; includeInIndex = 0; path = stts.app; sourceTree = BUILT_PRODUCTS_DIR; };
		B2B2D1021D49D5080014D780 /* AppDelegate.swift */ = {isa = PBXFileReference; lastKnownFileType = sourcecode.swift; path = AppDelegate.swift; sourceTree = "<group>"; };
		B2B2D1041D49D5080014D780 /* Assets.xcassets */ = {isa = PBXFileReference; lastKnownFileType = folder.assetcatalog; path = Assets.xcassets; sourceTree = "<group>"; };
		B2B2D1071D49D5080014D780 /* Base */ = {isa = PBXFileReference; lastKnownFileType = file.xib; name = Base; path = Base.lproj/MainMenu.xib; sourceTree = "<group>"; };
		B2B2D1091D49D5080014D780 /* Info.plist */ = {isa = PBXFileReference; lastKnownFileType = text.plist.xml; path = Info.plist; sourceTree = "<group>"; };
		B2BA36181ED7B0F200051083 /* AuthorizeNet.swift */ = {isa = PBXFileReference; fileEncoding = 4; lastKnownFileType = sourcecode.swift; path = AuthorizeNet.swift; sourceTree = "<group>"; };
		B2BA697D1E2DA3A20016AF1A /* PivotalTracker.swift */ = {isa = PBXFileReference; fileEncoding = 4; lastKnownFileType = sourcecode.swift; path = PivotalTracker.swift; sourceTree = "<group>"; };
		B2BA697F1E2DA3F60016AF1A /* Papertrail.swift */ = {isa = PBXFileReference; fileEncoding = 4; lastKnownFileType = sourcecode.swift; path = Papertrail.swift; sourceTree = "<group>"; };
		B2BB19B920B8FEFD00A97A87 /* CachetService.swift */ = {isa = PBXFileReference; lastKnownFileType = sourcecode.swift; path = CachetService.swift; sourceTree = "<group>"; };
		B2BB19BB20B9043F00A97A87 /* Yarn.swift */ = {isa = PBXFileReference; lastKnownFileType = sourcecode.swift; path = Yarn.swift; sourceTree = "<group>"; };
		B2C10F3B203646A7008E1E7D /* Gandi.swift */ = {isa = PBXFileReference; lastKnownFileType = sourcecode.swift; path = Gandi.swift; sourceTree = "<group>"; };
		B2C337A41E1417390007E110 /* Mixpanel.swift */ = {isa = PBXFileReference; fileEncoding = 4; lastKnownFileType = sourcecode.swift; path = Mixpanel.swift; sourceTree = "<group>"; };
		B2C4670E1E70012700C5145D /* Zapier.swift */ = {isa = PBXFileReference; fileEncoding = 4; lastKnownFileType = sourcecode.swift; path = Zapier.swift; sourceTree = "<group>"; };
		B2C4FC4A1DF4FE3B00365B94 /* SectionHeaderView.swift */ = {isa = PBXFileReference; fileEncoding = 4; lastKnownFileType = sourcecode.swift; path = SectionHeaderView.swift; sourceTree = "<group>"; };
		B2C548E022B27AF200D1D7EF /* Reachability.framework */ = {isa = PBXFileReference; lastKnownFileType = wrapper.framework; name = Reachability.framework; path = Carthage/Build/Mac/Reachability.framework; sourceTree = SOURCE_ROOT; };
		B2CB0F9A2047A60000873C14 /* Vimeo.swift */ = {isa = PBXFileReference; fileEncoding = 4; lastKnownFileType = sourcecode.swift; path = Vimeo.swift; sourceTree = "<group>"; };
		B2CBE08E21B95A7B00F5B28F /* GitLab.swift */ = {isa = PBXFileReference; lastKnownFileType = sourcecode.swift; path = GitLab.swift; sourceTree = "<group>"; };
		B2CE72D5228587E000847E00 /* Acquia.swift */ = {isa = PBXFileReference; lastKnownFileType = sourcecode.swift; path = Acquia.swift; sourceTree = "<group>"; };
		B2CEB9A01DFD8984005FB901 /* StartAtLogin.framework */ = {isa = PBXFileReference; lastKnownFileType = wrapper.framework; name = StartAtLogin.framework; path = Carthage/Build/Mac/StartAtLogin.framework; sourceTree = SOURCE_ROOT; };
		B2CEE5D622B49CB50073C743 /* Azure.swift */ = {isa = PBXFileReference; lastKnownFileType = sourcecode.swift; path = Azure.swift; sourceTree = "<group>"; };
		B2CEE5D822B49CC80073C743 /* AzureStore.swift */ = {isa = PBXFileReference; lastKnownFileType = sourcecode.swift; path = AzureStore.swift; sourceTree = "<group>"; };
		B2CEE5DA22B4A97B0073C743 /* AzureServices.swift */ = {isa = PBXFileReference; lastKnownFileType = sourcecode.swift; path = AzureServices.swift; sourceTree = "<group>"; };
		B2CEE5DC22B4A9900073C743 /* generate_azure_services.swift */ = {isa = PBXFileReference; lastKnownFileType = sourcecode.swift; path = generate_azure_services.swift; sourceTree = "<group>"; };
		B2CF3FBF1DF7DD2100B66491 /* stts.entitlements */ = {isa = PBXFileReference; lastKnownFileType = text.plist.entitlements; path = stts.entitlements; sourceTree = "<group>"; };
		B2D032CF1D6455E300D51CB8 /* TravisCI.swift */ = {isa = PBXFileReference; fileEncoding = 4; lastKnownFileType = sourcecode.swift; path = TravisCI.swift; sourceTree = "<group>"; };
		B2D2B6CE20870E700011723B /* StatusPage.swift */ = {isa = PBXFileReference; lastKnownFileType = sourcecode.swift; path = StatusPage.swift; sourceTree = "<group>"; };
		B2D468281E2F0F82000F8F6B /* Coveralls.swift */ = {isa = PBXFileReference; fileEncoding = 4; lastKnownFileType = sourcecode.swift; path = Coveralls.swift; sourceTree = "<group>"; };
		B2D6FDAD21B95A0800F95940 /* LastPass.swift */ = {isa = PBXFileReference; fileEncoding = 4; lastKnownFileType = sourcecode.swift; path = LastPass.swift; sourceTree = "<group>"; };
		B2DCE68C221591F2001447D8 /* LambStatusService.swift */ = {isa = PBXFileReference; lastKnownFileType = sourcecode.swift; path = LambStatusService.swift; sourceTree = "<group>"; };
		B2DCE68F2215992E001447D8 /* Apple.swift */ = {isa = PBXFileReference; lastKnownFileType = sourcecode.swift; path = Apple.swift; sourceTree = "<group>"; };
		B2DCE6912215AA4A001447D8 /* AppleDeveloper.swift */ = {isa = PBXFileReference; lastKnownFileType = sourcecode.swift; path = AppleDeveloper.swift; sourceTree = "<group>"; };
		B2DCE6942215ACDE001447D8 /* StringExtensions.swift */ = {isa = PBXFileReference; lastKnownFileType = sourcecode.swift; path = StringExtensions.swift; sourceTree = "<group>"; };
		B2DEE0BD1E696D64006B198E /* Slack.swift */ = {isa = PBXFileReference; fileEncoding = 4; lastKnownFileType = sourcecode.swift; path = Slack.swift; sourceTree = "<group>"; };
		B2E018FC214E60E700C5F75B /* AppearanceObserver.swift */ = {isa = PBXFileReference; lastKnownFileType = sourcecode.swift; path = AppearanceObserver.swift; sourceTree = "<group>"; };
		B2E70FD322B0657F000BCAD2 /* generate_services_plist.sh */ = {isa = PBXFileReference; lastKnownFileType = text.script.sh; path = generate_services_plist.sh; sourceTree = "<group>"; };
		B2E70FD622B066EC000BCAD2 /* generate_google_services.swift */ = {isa = PBXFileReference; lastKnownFileType = sourcecode.swift; path = generate_google_services.swift; sourceTree = "<group>"; };
		B2E70FD722B069BA000BCAD2 /* GoogleCloudPlatformServices.swift */ = {isa = PBXFileReference; lastKnownFileType = sourcecode.swift; path = GoogleCloudPlatformServices.swift; sourceTree = "<group>"; };
		B2E70FDA22B07DBC000BCAD2 /* GoogleCloudPlatformAll.swift */ = {isa = PBXFileReference; fileEncoding = 4; lastKnownFileType = sourcecode.swift; path = GoogleCloudPlatformAll.swift; sourceTree = "<group>"; };
		B2E70FDC22B07FB0000BCAD2 /* FirebaseServices.swift */ = {isa = PBXFileReference; lastKnownFileType = sourcecode.swift; path = FirebaseServices.swift; sourceTree = "<group>"; };
		B2EAD8D420B8FDB700095F5B /* JAMF.swift */ = {isa = PBXFileReference; fileEncoding = 4; lastKnownFileType = sourcecode.swift; path = JAMF.swift; sourceTree = "<group>"; };
		B2EB51CD1E7004A3001D6F78 /* ExanaService.swift */ = {isa = PBXFileReference; fileEncoding = 4; lastKnownFileType = sourcecode.swift; path = ExanaService.swift; sourceTree = "<group>"; };
		B2EB51CF1E700517001D6F78 /* Codacy.swift */ = {isa = PBXFileReference; fileEncoding = 4; lastKnownFileType = sourcecode.swift; path = Codacy.swift; sourceTree = "<group>"; };
		B2F127A61E0B84230035B20C /* PubNub.swift */ = {isa = PBXFileReference; fileEncoding = 4; lastKnownFileType = sourcecode.swift; path = PubNub.swift; sourceTree = "<group>"; };
		B2F127A81E0B84B50035B20C /* Twilio.swift */ = {isa = PBXFileReference; fileEncoding = 4; lastKnownFileType = sourcecode.swift; path = Twilio.swift; sourceTree = "<group>"; };
		B2F127AA1E0B84F00035B20C /* Braintree.swift */ = {isa = PBXFileReference; fileEncoding = 4; lastKnownFileType = sourcecode.swift; path = Braintree.swift; sourceTree = "<group>"; };
		B2F34040222630F20055C96F /* CloudApp.swift */ = {isa = PBXFileReference; lastKnownFileType = sourcecode.swift; path = CloudApp.swift; sourceTree = "<group>"; };
		B2F35F251E5D181300E3A00E /* Quay.swift */ = {isa = PBXFileReference; fileEncoding = 4; lastKnownFileType = sourcecode.swift; path = Quay.swift; sourceTree = "<group>"; };
		B2FAB94B1E5C029A00B8921F /* DNSimple.swift */ = {isa = PBXFileReference; fileEncoding = 4; lastKnownFileType = sourcecode.swift; path = DNSimple.swift; sourceTree = "<group>"; };
		B2FDC9191D67029900F0B728 /* Heroku.swift */ = {isa = PBXFileReference; fileEncoding = 4; lastKnownFileType = sourcecode.swift; path = Heroku.swift; sourceTree = "<group>"; };
		B2FDC91B1D67062200F0B728 /* StatusPageService.swift */ = {isa = PBXFileReference; fileEncoding = 4; lastKnownFileType = sourcecode.swift; path = StatusPageService.swift; sourceTree = "<group>"; };
		B2FDC91D1D6706C400F0B728 /* CircleCI.swift */ = {isa = PBXFileReference; fileEncoding = 4; lastKnownFileType = sourcecode.swift; path = CircleCI.swift; sourceTree = "<group>"; };
		B2FFC1EF1E261B4A00529A00 /* Dropbox.swift */ = {isa = PBXFileReference; fileEncoding = 4; lastKnownFileType = sourcecode.swift; path = Dropbox.swift; sourceTree = "<group>"; };
		BF7AA78022B03AE4002460FB /* Bitrise.swift */ = {isa = PBXFileReference; lastKnownFileType = sourcecode.swift; path = Bitrise.swift; sourceTree = "<group>"; };
		C7F751891E2CCA7A0013E8E2 /* WeTransfer.swift */ = {isa = PBXFileReference; fileEncoding = 4; lastKnownFileType = sourcecode.swift; path = WeTransfer.swift; sourceTree = "<group>"; };
/* End PBXFileReference section */

/* Begin PBXFrameworksBuildPhase section */
		B2163AF220BA4E7500B14A85 /* Frameworks */ = {
			isa = PBXFrameworksBuildPhase;
			buildActionMask = 2147483647;
			files = (
			);
			runOnlyForDeploymentPostprocessing = 0;
		};
		B2B2D0FC1D49D5080014D780 /* Frameworks */ = {
			isa = PBXFrameworksBuildPhase;
			buildActionMask = 2147483647;
			files = (
				B2C548E122B27AF200D1D7EF /* Reachability.framework in Frameworks */,
				B26CD1E81DD59FDD0054A385 /* Kanna.framework in Frameworks */,
				B276C8F41DD474200098B451 /* MBPopup.framework in Frameworks */,
				B23533DF2285B48F00DEDC36 /* DateHelper.framework in Frameworks */,
				B2CEB9A11DFD8984005FB901 /* StartAtLogin.framework in Frameworks */,
			);
			runOnlyForDeploymentPostprocessing = 0;
		};
/* End PBXFrameworksBuildPhase section */

/* Begin PBXGroup section */
		B213A17A1DC9EA3F008E8E58 /* ServiceTableView */ = {
			isa = PBXGroup;
			children = (
				B213A1781DC9EA25008E8E58 /* ServiceTableRowView.swift */,
				B213A1761DC97E2B008E8E58 /* ServiceTableViewController.swift */,
				B2898FCF1DC7441D0005F58F /* StatusIndicator.swift */,
				B2B015C11DBDE69B00699211 /* StatusTableCell.swift */,
			);
			path = ServiceTableView;
			sourceTree = "<group>";
		};
		B2163AF620BA4E7500B14A85 /* sttsTests */ = {
			isa = PBXGroup;
			children = (
				B2163AF920BA4E7500B14A85 /* Info.plist */,
				B2163AF720BA4E7500B14A85 /* sttsTests.swift */,
				B2563BC122CBC92400532C39 /* Mocks */,
			);
			path = sttsTests;
			sourceTree = "<group>";
		};
		B2163B0120BA5AE600B14A85 /* StatusCake */ = {
			isa = PBXGroup;
			children = (
				B2A0A16E1E4C45E0000D9B29 /* MailChimp.swift */,
			);
			path = StatusCake;
			sourceTree = "<group>";
		};
		B2253A69209F3B9F0039F574 /* Firebase */ = {
			isa = PBXGroup;
			children = (
				B2253A6E209F42430039F574 /* Firebase.swift */,
			);
			path = Firebase;
			sourceTree = "<group>";
		};
		B22FDE4921089D4F00359EC9 /* PayPal */ = {
			isa = PBXGroup;
			children = (
				B22FDE502108A5C200359EC9 /* PayPalAPIProduction.swift */,
				B22FDE522108A5CC00359EC9 /* PayPalAPISandbox.swift */,
				B22FDE4C2108A5AE00359EC9 /* PayPalProductProduction.swift */,
				B22FDE4E2108A5B700359EC9 /* PayPalProductSandbox.swift */,
			);
			path = PayPal;
			sourceTree = "<group>";
		};
		B2493F071E26052400556A83 /* Google Cloud Platform */ = {
			isa = PBXGroup;
			children = (
				B2E70FDA22B07DBC000BCAD2 /* GoogleCloudPlatformAll.swift */,
			);
			path = "Google Cloud Platform";
			sourceTree = "<group>";
		};
		B2563BC122CBC92400532C39 /* Mocks */ = {
			isa = PBXGroup;
			children = (
				B2563BBD22CBC65A00532C39 /* URLSessionMock.swift */,
			);
			path = Mocks;
			sourceTree = "<group>";
		};
		B26CB5711E13448900116A33 /* Status.ioV1 */ = {
			isa = PBXGroup;
			children = (
				B232A18C20944B950066AD01 /* Cloud66.swift */,
				B22BB3A2223B346E00B43BED /* Dashlane.swift */,
				B2A0635B1E1340B400EEA762 /* Docker.swift */,
				B2CBE08E21B95A7B00F5B28F /* GitLab.swift */,
				B235341E22888EFE00DEDC36 /* Sendinblue.swift */,
				B230CE7C21B95B5D00E2005D /* Wasabi.swift */,
			);
			path = Status.ioV1;
			sourceTree = "<group>";
		};
		B274C6361DD56A9E00A6B350 /* EditorTableView */ = {
			isa = PBXGroup;
			children = (
				B2A23E331DD192CD0051E913 /* EditorTableCell.swift */,
				B2A23E311DD190EF0051E913 /* EditorTableViewController.swift */,
				B2C4FC4A1DF4FE3B00365B94 /* SectionHeaderView.swift */,
				B235B3BC1DF562C400821936 /* SettingsView.swift */,
			);
			path = EditorTableView;
			sourceTree = "<group>";
		};
		B276C8E81DD473B50098B451 /* Frameworks */ = {
			isa = PBXGroup;
			children = (
				B2C548E022B27AF200D1D7EF /* Reachability.framework */,
				B23533DE2285B48E00DEDC36 /* DateHelper.framework */,
				B2CEB9A01DFD8984005FB901 /* StartAtLogin.framework */,
				B26CD1E71DD59FDD0054A385 /* Kanna.framework */,
				B276C8F11DD474200098B451 /* MBPopup.framework */,
			);
			name = Frameworks;
			path = Resources;
			sourceTree = "<group>";
		};
		B2841CEC20BA6423004AFDB7 /* Sorry */ = {
			isa = PBXGroup;
			children = (
				B25695541E247C8C00FAE413 /* Pingdom.swift */,
			);
			path = Sorry;
			sourceTree = "<group>";
		};
		B299C8561DD051710024D2E9 /* StatusPage */ = {
			isa = PBXGroup;
			children = (
				B2CE72D5228587E000847E00 /* Acquia.swift */,
				B21DC0751F6B436400E8214F /* Aptible.swift */,
				B27168892291AEEE001E608C /* Asana.swift */,
				B25695501E247C8C00FAE413 /* Atlassian.swift */,
				B24F91221E8B51A400A77460 /* Auth0.swift */,
				B2BA36181ED7B0F200051083 /* AuthorizeNet.swift */,
				2F1B7558227A095400BA5CBD /* Avalara.swift */,
				B299C84E1DD04F8F0024D2E9 /* BitBucket.swift */,
				BF7AA78022B03AE4002460FB /* Bitrise.swift */,
				7BA6A0A12240D8E000700C2C /* Bolt.swift */,
				B2F127AA1E0B84F00035B20C /* Braintree.swift */,
				B2894CE320EEE2780009CCA3 /* Buildkite.swift */,
				B22BB39E223B33AE00B43BED /* CampaignMonitor.swift */,
				B2FDC91D1D6706C400F0B728 /* CircleCI.swift */,
				B2F34040222630F20055C96F /* CloudApp.swift */,
				B299C8501DD04FD60024D2E9 /* Cloudflare.swift */,
				B25695511E247C8C00FAE413 /* Cloudinary.swift */,
				194BC88122A8EAC00065E698 /* Clubhouse.swift */,
				B219C0D91E2F0E9F001F8E7F /* CocoaPods.swift */,
				B257469A1E2781A3003A07A4 /* CodeClimate.swift */,
				B28FF68A1E94761A005897A9 /* Codecov.swift */,
				B22527F41E5BD0C70098E73D /* Contentful.swift */,
				B2D468281E2F0F82000F8F6B /* Coveralls.swift */,
				B2FAB94B1E5C029A00B8921F /* DNSimple.swift */,
				A0C3F34A220FD630005D9998 /* Datadog.swift */,
				B232047E22158BDF000DC1B0 /* DatadogEU.swift */,
				B22BA3011E8119AB0038D8F6 /* Discord.swift */,
				B2FFC1EF1E261B4A00529A00 /* Dropbox.swift */,
				B28E9FBD1ED26A40006B89F1 /* Dwolla.swift */,
				B299C8541DD051210024D2E9 /* EngineYard.swift */,
				B28C1D411E607D2200F9D0DC /* Fabric.swift */,
				A125C59D20F7909500C513B3 /* Fastly.swift */,
				B269FCBA1E261BDF0016041D /* Figma.swift */,
				B20396371EE6A06C008CCA21 /* Filestack.swift */,
				B254642221EE9AF6003068A4 /* GitHub.swift */,
				B25695521E247C8C00FAE413 /* HipChat.swift */,
				B2ABB6161F59770800DF8EC2 /* Imgix.swift */,
				B23D4E6C1E13471200B04F18 /* Intercom.swift */,
				B2EAD8D420B8FDB700095F5B /* JAMF.swift */,
				B23D4E6E1E13475900B04F18 /* KeenIO.swift */,
				B2D6FDAD21B95A0800F95940 /* LastPass.swift */,
				B28E9FBE1ED26A40006B89F1 /* Lob.swift */,
				B26350FC1ED7CFC40069EA73 /* Loggly.swift */,
				A133C8B620F8F3670068CFE8 /* Mailgun.swift */,
				B28C1D431E607D8600F9D0DC /* Mapbox.swift */,
				B22600301E1562E700EBDD40 /* MediaTemple.swift */,
				B2C337A41E1417390007E110 /* Mixpanel.swift */,
				B299C8461DD04D7C0024D2E9 /* NPM.swift */,
				B299C8421DD044160024D2E9 /* NewRelic.swift */,
				B22BB3A0223B341B00B43BED /* OnePassword.swift */,
				03C5FB121E203325003C40B8 /* Packet.swift */,
				B25695531E247C8C00FAE413 /* PagerDuty.swift */,
				B2BA697F1E2DA3F60016AF1A /* Papertrail.swift */,
				B2BA697D1E2DA3A20016AF1A /* PivotalTracker.swift */,
				B2F127A61E0B84230035B20C /* PubNub.swift */,
				B299C84A1DD04E850024D2E9 /* Pusher.swift */,
				B21308551E55594E009FCF02 /* Quandl.swift */,
				B2F35F251E5D181300E3A00E /* Quay.swift */,
				2F65F48F227A198400432E64 /* Recurly.swift */,
				B299C84C1DD04ED90024D2E9 /* Reddit.swift */,
				B20699D1214E504E008670B0 /* Robinhood.swift */,
				B211F0B71E607C09008DD360 /* Rollbar.swift */,
				B299C8481DD04DCB0024D2E9 /* RubyGems.swift */,
				36AD8ED2235A1CE500F2FD73 /* LaunchDarkly.swift */,
				B25695551E247C8C00FAE413 /* SauceLabs.swift */,
				B26350FE1ED7D0210069EA73 /* Segment.swift */,
				B25695561E247C8C00FAE413 /* SendGrid.swift */,
				B299C8521DD0505F0024D2E9 /* Sentry.swift */,
				B25695571E247C8C00FAE413 /* SmartyStreets.swift */,
				B2A93ADC1EB814C000D36DD3 /* Snyk.swift */,
				7B305FAA210237AA0086DCE0 /* Spoke.swift */,
				B25695581E247C8C00FAE413 /* Squarespace.swift */,
				B2D2B6CE20870E700011723B /* StatusPage.swift */,
				B27090F0209F52EB0094C3D7 /* Stream.swift */,
				B2D032CF1D6455E300D51CB8 /* TravisCI.swift */,
				B20396351EE6A060008CCA21 /* Trello.swift */,
				B2F127A81E0B84B50035B20C /* Twilio.swift */,
				B24220E31E2F6BBA0007E50E /* Typeform.swift */,
				B2A8AE3C20710EC8002699CE /* Unsplash.swift */,
				B29AEFCF225D7F3900C3B8BD /* UrbanAirship.swift */,
				B2CB0F9A2047A60000873C14 /* Vimeo.swift */,
				C7F751891E2CCA7A0013E8E2 /* WeTransfer.swift */,
				B28DFE4621377A0B000EE4AF /* Wodby.swift */,
				B2C4670E1E70012700C5145D /* Zapier.swift */,
				B2483CF02037029D00A9FA95 /* Zwift.swift */,
			);
			path = StatusPage;
			sourceTree = "<group>";
		};
		B2B2D0F61D49D5080014D780 = {
			isa = PBXGroup;
			children = (
				B276C8E81DD473B50098B451 /* Frameworks */,
				B2B2D1001D49D5080014D780 /* Products */,
				B2FDC9211D67074900F0B728 /* Resources */,
				B2E70FD222B0650A000BCAD2 /* Scripts */,
				B2B2D1011D49D5080014D780 /* stts */,
				B2163AF620BA4E7500B14A85 /* sttsTests */,
			);
			sourceTree = "<group>";
		};
		B2B2D1001D49D5080014D780 /* Products */ = {
			isa = PBXGroup;
			children = (
				B2B2D0FF1D49D5080014D780 /* stts.app */,
				B2163AF520BA4E7500B14A85 /* sttsTests.xctest */,
			);
			name = Products;
			sourceTree = "<group>";
		};
		B2B2D1011D49D5080014D780 /* stts */ = {
			isa = PBXGroup;
			children = (
				B274C6361DD56A9E00A6B350 /* EditorTableView */,
				B2DCE6932215ACD0001447D8 /* Extensions */,
				B213A17A1DC9EA3F008E8E58 /* ServiceTableView */,
				B2FDC91F1D6706FB00F0B728 /* Services */,
				B2B2D1021D49D5080014D780 /* AppDelegate.swift */,
				B2E018FC214E60E700C5F75B /* AppearanceObserver.swift */,
				B2A4A8151DC82CE300037E99 /* BottomBar.swift */,
				B25FBFFC1DCAF2CE0099A388 /* CustomScrollView.swift */,
				B2A9BFB31DC6E30F001BD4B7 /* Icons.swift */,
				B24D19F51DD072840052E539 /* Preferences.swift */,
				B225E3DF1E44830F008E1D3D /* SwitchableTableViewController.swift */,
				B2563BBB22CBC3D500532C39 /* DataLoader.swift */,
				B2CF3FBF1DF7DD2100B66491 /* stts.entitlements */,
			);
			path = stts;
			sourceTree = "<group>";
		};
		B2BB19B820B8FEB200A97A87 /* Cachet */ = {
			isa = PBXGroup;
			children = (
				B2006CF8223B356F0057E144 /* ProtonMail.swift */,
				B2BB19BB20B9043F00A97A87 /* Yarn.swift */,
			);
			path = Cachet;
			sourceTree = "<group>";
		};
		B2DCE68E22159731001447D8 /* LambStatus */ = {
			isa = PBXGroup;
			children = (
				B2EB51CF1E700517001D6F78 /* Codacy.swift */,
			);
			path = LambStatus;
			sourceTree = "<group>";
		};
		B2DCE6932215ACD0001447D8 /* Extensions */ = {
			isa = PBXGroup;
			children = (
				B2DCE6942215ACDE001447D8 /* StringExtensions.swift */,
			);
			path = Extensions;
			sourceTree = "<group>";
		};
		B2E70FD222B0650A000BCAD2 /* Scripts */ = {
			isa = PBXGroup;
			children = (
				B277BC9522B4BC6C000B55C3 /* generate_azure_devops_services.swift */,
				B2CEE5DC22B4A9900073C743 /* generate_azure_services.swift */,
				B2E70FD622B066EC000BCAD2 /* generate_google_services.swift */,
				B2E70FD322B0657F000BCAD2 /* generate_services_plist.sh */,
			);
			path = Scripts;
			sourceTree = "<group>";
		};
		B2E70FDF22B0844F000BCAD2 /* Generated */ = {
			isa = PBXGroup;
			children = (
				B277BC9722B4C16A000B55C3 /* AzureDevOpsServices.swift */,
				B2CEE5DA22B4A97B0073C743 /* AzureServices.swift */,
				B2E70FDC22B07FB0000BCAD2 /* FirebaseServices.swift */,
				B2E70FD722B069BA000BCAD2 /* GoogleCloudPlatformServices.swift */,
			);
			path = Generated;
			sourceTree = "<group>";
		};
		B2FDC91F1D6706FB00F0B728 /* Services */ = {
			isa = PBXGroup;
			children = (
				B2BB19B820B8FEB200A97A87 /* Cachet */,
				B2253A69209F3B9F0039F574 /* Firebase */,
				B2E70FDF22B0844F000BCAD2 /* Generated */,
				B2493F071E26052400556A83 /* Google Cloud Platform */,
				B2DCE68E22159731001447D8 /* LambStatus */,
				B22FDE4921089D4F00359EC9 /* PayPal */,
				B2841CEC20BA6423004AFDB7 /* Sorry */,
				B26CB5711E13448900116A33 /* Status.ioV1 */,
				B2163B0120BA5AE600B14A85 /* StatusCake */,
				B299C8561DD051710024D2E9 /* StatusPage */,
				B2FDC9201D67071500F0B728 /* Super */,
				B2430806210810D0003F8D07 /* Algolia.swift */,
				B299C8441DD046F20024D2E9 /* AmazonWebServices.swift */,
				B2DCE68F2215992E001447D8 /* Apple.swift */,
				B2DCE6912215AA4A001447D8 /* AppleDeveloper.swift */,
				B23038F01E0DF3CC00B29095 /* Beanstalk.swift */,
				B26CD1EB1DD59FFB0054A385 /* DigitalOcean.swift */,
				B290315B1E4B0CA7005B58CC /* Evernote.swift */,
				B2C10F3B203646A7008E1E7D /* Gandi.swift */,
				B2FDC9191D67029900F0B728 /* Heroku.swift */,
				B2357D701E5C08AF0093B8A6 /* Netlify.swift */,
				B21492CA21EE9BD70065103E /* ScaleGrid.swift */,
				B2DEE0BD1E696D64006B198E /* Slack.swift */,
				B230CE7E21B95C5500E2005D /* Stripe.swift */,
			);
			path = Services;
			sourceTree = "<group>";
		};
		B2FDC9201D67071500F0B728 /* Super */ = {
			isa = PBXGroup;
			children = (
				B2CEE5D622B49CB50073C743 /* Azure.swift */,
				B277BC9122B4BB5C000B55C3 /* AzureDevOps.swift */,
				B277BC9322B4BB6D000B55C3 /* AzureDevOpsStore.swift */,
				B2CEE5D822B49CC80073C743 /* AzureStore.swift */,
				B2BB19B920B8FEFD00A97A87 /* CachetService.swift */,
				B2EB51CD1E7004A3001D6F78 /* ExanaService.swift */,
				B2253A6C209F3F9F0039F574 /* FirebaseService.swift */,
				B2493F051E2603F300556A83 /* GoogleCloudPlatform.swift */,
				B2253A6A209F3C410039F574 /* GoogleStatusDashboardStore.swift */,
				B2DCE68C221591F2001447D8 /* LambStatusService.swift */,
				B22FDE4721089C6200359EC9 /* PayPal.swift */,
				B205A9171D49D67700EA178D /* Service.swift */,
				B2841CEA20BA6207004AFDB7 /* SorryService.swift */,
				B2163AFF20BA56EF00B14A85 /* StatusCakeService.swift */,
				B2FDC91B1D67062200F0B728 /* StatusPageService.swift */,
				B2A0635D1E1341C900EEA762 /* StatusioV1Service.swift */,
			);
			path = Super;
			sourceTree = "<group>";
		};
		B2FDC9211D67074900F0B728 /* Resources */ = {
			isa = PBXGroup;
			children = (
				B2B2D1041D49D5080014D780 /* Assets.xcassets */,
				B2B2D1091D49D5080014D780 /* Info.plist */,
				B2B2D1061D49D5080014D780 /* MainMenu.xib */,
			);
			path = Resources;
			sourceTree = "<group>";
		};
/* End PBXGroup section */

/* Begin PBXNativeTarget section */
		B2163AF420BA4E7500B14A85 /* sttsTests */ = {
			isa = PBXNativeTarget;
			buildConfigurationList = B2163AFE20BA4E7500B14A85 /* Build configuration list for PBXNativeTarget "sttsTests" */;
			buildPhases = (
				B2163AF120BA4E7500B14A85 /* Sources */,
				B2163AF220BA4E7500B14A85 /* Frameworks */,
				B2163AF320BA4E7500B14A85 /* Resources */,
			);
			buildRules = (
			);
			dependencies = (
				B2163AFB20BA4E7500B14A85 /* PBXTargetDependency */,
			);
			name = sttsTests;
			productName = sttsTests;
			productReference = B2163AF520BA4E7500B14A85 /* sttsTests.xctest */;
			productType = "com.apple.product-type.bundle.unit-test";
		};
		B2B2D0FE1D49D5080014D780 /* stts */ = {
			isa = PBXNativeTarget;
			buildConfigurationList = B2B2D10C1D49D5080014D780 /* Build configuration list for PBXNativeTarget "stts" */;
			buildPhases = (
				B242E7B422B08C8600A8EB40 /* Generate services */,
				B2B2D0FB1D49D5080014D780 /* Sources */,
				B2B2D0FC1D49D5080014D780 /* Frameworks */,
				B2B2D0FD1D49D5080014D780 /* Resources */,
				B22EC6891D80111900ED7917 /* CopyFiles */,
				B28F83321E24BDC100F2070F /* Generate Services plist file */,
				B2B2DC631DCC1FA600BF397D /* Swiftlint */,
				B2A264A21DF906C900009BE1 /* StartAtLogin */,
			);
			buildRules = (
			);
			dependencies = (
			);
			name = stts;
			productName = stts;
			productReference = B2B2D0FF1D49D5080014D780 /* stts.app */;
			productType = "com.apple.product-type.application";
		};
/* End PBXNativeTarget section */

/* Begin PBXProject section */
		B2B2D0F71D49D5080014D780 /* Project object */ = {
			isa = PBXProject;
			attributes = {
				LastSwiftUpdateCheck = 0930;
				LastUpgradeCheck = 1020;
				ORGANIZATIONNAME = inket;
				TargetAttributes = {
					B2163AF420BA4E7500B14A85 = {
						CreatedOnToolsVersion = 9.3.1;
						DevelopmentTeam = PP5UYHJQCD;
						LastSwiftMigration = 1020;
						ProvisioningStyle = Automatic;
						TestTargetID = B2B2D0FE1D49D5080014D780;
					};
					B2B2D0FE1D49D5080014D780 = {
						CreatedOnToolsVersion = 8.0;
						DevelopmentTeam = PP5UYHJQCD;
						DevelopmentTeamName = "Mahdi Bchatnia";
						LastSwiftMigration = 1020;
						ProvisioningStyle = Automatic;
						SystemCapabilities = {
							com.apple.Sandbox = {
								enabled = 1;
							};
						};
					};
				};
			};
			buildConfigurationList = B2B2D0FA1D49D5080014D780 /* Build configuration list for PBXProject "stts" */;
			compatibilityVersion = "Xcode 3.2";
			developmentRegion = en;
			hasScannedForEncodings = 0;
			knownRegions = (
				en,
				Base,
			);
			mainGroup = B2B2D0F61D49D5080014D780;
			productRefGroup = B2B2D1001D49D5080014D780 /* Products */;
			projectDirPath = "";
			projectRoot = "";
			targets = (
				B2B2D0FE1D49D5080014D780 /* stts */,
				B2163AF420BA4E7500B14A85 /* sttsTests */,
			);
		};
/* End PBXProject section */

/* Begin PBXResourcesBuildPhase section */
		B2163AF320BA4E7500B14A85 /* Resources */ = {
			isa = PBXResourcesBuildPhase;
			buildActionMask = 2147483647;
			files = (
			);
			runOnlyForDeploymentPostprocessing = 0;
		};
		B2B2D0FD1D49D5080014D780 /* Resources */ = {
			isa = PBXResourcesBuildPhase;
			buildActionMask = 2147483647;
			files = (
				B2B2D1051D49D5080014D780 /* Assets.xcassets in Resources */,
				B2B2D1081D49D5080014D780 /* MainMenu.xib in Resources */,
			);
			runOnlyForDeploymentPostprocessing = 0;
		};
/* End PBXResourcesBuildPhase section */

/* Begin PBXShellScriptBuildPhase section */
		B242E7B422B08C8600A8EB40 /* Generate services */ = {
			isa = PBXShellScriptBuildPhase;
			buildActionMask = 2147483647;
			files = (
			);
			inputFileListPaths = (
			);
			inputPaths = (
			);
			name = "Generate services";
			outputFileListPaths = (
			);
			outputPaths = (
			);
			runOnlyForDeploymentPostprocessing = 0;
			shellPath = /bin/sh;
			shellScript = "chmod +x $SRCROOT/Scripts/generate_google_services.swift\n$SRCROOT/Scripts/generate_google_services.swift\nchmod +x $SRCROOT/Scripts/generate_azure_services.swift\n$SRCROOT/Scripts/generate_azure_services.swift\n";
		};
		B28F83321E24BDC100F2070F /* Generate Services plist file */ = {
			isa = PBXShellScriptBuildPhase;
			buildActionMask = 2147483647;
			files = (
			);
			inputPaths = (
			);
			name = "Generate Services plist file";
			outputPaths = (
			);
			runOnlyForDeploymentPostprocessing = 0;
			shellPath = /bin/sh;
			shellScript = "chmod +x $SRCROOT/Scripts/generate_services_plist.sh\n$SRCROOT/Scripts/generate_services_plist.sh\n";
		};
		B2A264A21DF906C900009BE1 /* StartAtLogin */ = {
			isa = PBXShellScriptBuildPhase;
			buildActionMask = 2147483647;
			files = (
			);
			inputPaths = (
			);
			name = StartAtLogin;
			outputPaths = (
			);
			runOnlyForDeploymentPostprocessing = 0;
			shellPath = /bin/sh;
			shellScript = "FRAMEWORKS_HELPER_PATH=\"$BUILT_PRODUCTS_DIR/$FRAMEWORKS_FOLDER_PATH/StartAtLogin.framework/Versions/A/Resources/StartAtLoginHelper.app\"\nHELPER_DIR=\"$BUILT_PRODUCTS_DIR/$CONTENTS_FOLDER_PATH/Library/LoginItems\"\nHELPER_PATH=\"$HELPER_DIR/StartAtLoginHelper.app\"\n\nmkdir -p \"$HELPER_DIR\"\nrm -rf \"$HELPER_PATH\"\ncp -rf \"$FRAMEWORKS_HELPER_PATH\" \"$HELPER_DIR/\"\n\nif [ \"$CONFIGURATION\" == \"Release\" ]; then\n  rm -rf \"$FRAMEWORKS_HELPER_PATH\"\nfi\n\ndefaults write \"$HELPER_PATH/Contents/Info\" CFBundleIdentifier -string \"$PRODUCT_BUNDLE_IDENTIFIER-StartAtLoginHelper\"\ncodesign --force --entitlements \"$CODE_SIGN_ENTITLEMENTS\" -s \"$EXPANDED_CODE_SIGN_IDENTITY_NAME\" -v \"$HELPER_PATH\"\n";
		};
		B2B2DC631DCC1FA600BF397D /* Swiftlint */ = {
			isa = PBXShellScriptBuildPhase;
			buildActionMask = 2147483647;
			files = (
			);
			inputPaths = (
			);
			name = Swiftlint;
			outputPaths = (
			);
			runOnlyForDeploymentPostprocessing = 0;
			shellPath = /bin/sh;
			shellScript = "if which swiftlint >/dev/null; then\nswiftlint\nelse\necho \"warning: SwiftLint not installed, download from https://github.com/realm/SwiftLint\"\nfi\n";
		};
/* End PBXShellScriptBuildPhase section */

/* Begin PBXSourcesBuildPhase section */
		B2163AF120BA4E7500B14A85 /* Sources */ = {
			isa = PBXSourcesBuildPhase;
			buildActionMask = 2147483647;
			files = (
				B2563BBE22CBC65A00532C39 /* URLSessionMock.swift in Sources */,
				B2163AF820BA4E7500B14A85 /* sttsTests.swift in Sources */,
			);
			runOnlyForDeploymentPostprocessing = 0;
		};
		B2B2D0FB1D49D5080014D780 /* Sources */ = {
			isa = PBXSourcesBuildPhase;
			buildActionMask = 2147483647;
			files = (
				B211F0B81E607C09008DD360 /* Rollbar.swift in Sources */,
				B2493F061E2603F300556A83 /* GoogleCloudPlatform.swift in Sources */,
				B2006CF9223B356F0057E144 /* ProtonMail.swift in Sources */,
				B299C8491DD04DCB0024D2E9 /* RubyGems.swift in Sources */,
				B299C8531DD0505F0024D2E9 /* Sentry.swift in Sources */,
				B2EB51D01E700517001D6F78 /* Codacy.swift in Sources */,
				B299C84F1DD04F8F0024D2E9 /* BitBucket.swift in Sources */,
				B2FDC91A1D67029900F0B728 /* Heroku.swift in Sources */,
				B2253A6B209F3C410039F574 /* GoogleStatusDashboardStore.swift in Sources */,
				A133C8B720F8F3670068CFE8 /* Mailgun.swift in Sources */,
				B2E70FDD22B07FB0000BCAD2 /* FirebaseServices.swift in Sources */,
				B2CB0F9B2047A60000873C14 /* Vimeo.swift in Sources */,
				B299C8431DD044160024D2E9 /* NewRelic.swift in Sources */,
				BF7AA78122B03AE4002460FB /* Bitrise.swift in Sources */,
				B25FBFFD1DCAF2CE0099A388 /* CustomScrollView.swift in Sources */,
				B2A0635C1E1340B400EEA762 /* Docker.swift in Sources */,
				B24D19F61DD072840052E539 /* Preferences.swift in Sources */,
				B2A0A16F1E4C45E0000D9B29 /* MailChimp.swift in Sources */,
				B2D6FDAE21B95A0800F95940 /* LastPass.swift in Sources */,
				B2BB19BA20B8FEFD00A97A87 /* CachetService.swift in Sources */,
				7BA6A0A22240D8E000700C2C /* Bolt.swift in Sources */,
				B28C1D421E607D2200F9D0DC /* Fabric.swift in Sources */,
				B2BB19BC20B9043F00A97A87 /* Yarn.swift in Sources */,
				B22FDE4D2108A5AE00359EC9 /* PayPalProductProduction.swift in Sources */,
				A0C3F34B220FD630005D9998 /* Datadog.swift in Sources */,
				B2B2D1031D49D5080014D780 /* AppDelegate.swift in Sources */,
				B25695601E247C8C00FAE413 /* SmartyStreets.swift in Sources */,
				B2CEE5D722B49CB50073C743 /* Azure.swift in Sources */,
				B25695611E247C8C00FAE413 /* Squarespace.swift in Sources */,
				B2894CE420EEE2780009CCA3 /* Buildkite.swift in Sources */,
				B20396361EE6A060008CCA21 /* Trello.swift in Sources */,
				B2ABB6171F59770800DF8EC2 /* Imgix.swift in Sources */,
				B22BA3021E8119AB0038D8F6 /* Discord.swift in Sources */,
				B2DCE6922215AA4A001447D8 /* AppleDeveloper.swift in Sources */,
				B2B015C21DBDE69B00699211 /* StatusTableCell.swift in Sources */,
				B271688A2291AEEE001E608C /* Asana.swift in Sources */,
				B299C84B1DD04E850024D2E9 /* Pusher.swift in Sources */,
				B2CEE5DB22B4A97B0073C743 /* AzureServices.swift in Sources */,
				B2163B0020BA56EF00B14A85 /* StatusCakeService.swift in Sources */,
				36AD8ED3235A1CE500F2FD73 /* LaunchDarkly.swift in Sources */,
				B2CEE5D922B49CC80073C743 /* AzureStore.swift in Sources */,
				B2D032D01D6455E300D51CB8 /* TravisCI.swift in Sources */,
				B235341F22888EFE00DEDC36 /* Sendinblue.swift in Sources */,
				B2D468291E2F0F82000F8F6B /* Coveralls.swift in Sources */,
				B299C8511DD04FD60024D2E9 /* Cloudflare.swift in Sources */,
				B256955E1E247C8C00FAE413 /* SauceLabs.swift in Sources */,
				B2898FD01DC7441D0005F58F /* StatusIndicator.swift in Sources */,
				B290315C1E4B0CA7005B58CC /* Evernote.swift in Sources */,
				B2253A6D209F3F9F0039F574 /* FirebaseService.swift in Sources */,
				B213A1771DC97E2B008E8E58 /* ServiceTableViewController.swift in Sources */,
				B2E70FDB22B07DBC000BCAD2 /* GoogleCloudPlatformAll.swift in Sources */,
				B2DEE0BE1E696D64006B198E /* Slack.swift in Sources */,
				B2CE72D6228587E000847E00 /* Acquia.swift in Sources */,
				B2E70FD822B069BA000BCAD2 /* GoogleCloudPlatformServices.swift in Sources */,
				B2BA36191ED7B0F200051083 /* AuthorizeNet.swift in Sources */,
				B25695591E247C8C00FAE413 /* Atlassian.swift in Sources */,
				B235B3BD1DF562C400821936 /* SettingsView.swift in Sources */,
				B2C4FC4B1DF4FE3B00365B94 /* SectionHeaderView.swift in Sources */,
				B2A0635E1E1341C900EEA762 /* StatusioV1Service.swift in Sources */,
				B29AEFD0225D7F3900C3B8BD /* UrbanAirship.swift in Sources */,
				B2D2B6CF20870E700011723B /* StatusPage.swift in Sources */,
				B28FF68B1E94761A005897A9 /* Codecov.swift in Sources */,
				B256955A1E247C8C00FAE413 /* Cloudinary.swift in Sources */,
				B277BC9822B4C16A000B55C3 /* AzureDevOpsServices.swift in Sources */,
				B2DCE6902215992E001447D8 /* Apple.swift in Sources */,
				B2F127A91E0B84B50035B20C /* Twilio.swift in Sources */,
				B28E9FC01ED26A40006B89F1 /* Lob.swift in Sources */,
				B2EAD8D520B8FDB800095F5B /* JAMF.swift in Sources */,
				B269FCBB1E261BDF0016041D /* Figma.swift in Sources */,
				B26350FF1ED7D0210069EA73 /* Segment.swift in Sources */,
				B299C8471DD04D7C0024D2E9 /* NPM.swift in Sources */,
				B2E018FD214E60E700C5F75B /* AppearanceObserver.swift in Sources */,
				B2C4670F1E70012700C5145D /* Zapier.swift in Sources */,
				B28C1D441E607D8600F9D0DC /* Mapbox.swift in Sources */,
				A125C59E20F7909500C513B3 /* Fastly.swift in Sources */,
				C7F7518A1E2CCA7A0013E8E2 /* WeTransfer.swift in Sources */,
				B22BB3A1223B341B00B43BED /* OnePassword.swift in Sources */,
				B2FDC91C1D67062200F0B728 /* StatusPageService.swift in Sources */,
				B2CBE08F21B95A7B00F5B28F /* GitLab.swift in Sources */,
				B256955F1E247C8C00FAE413 /* SendGrid.swift in Sources */,
				B230CE7F21B95C5500E2005D /* Stripe.swift in Sources */,
				B22BB39F223B33AE00B43BED /* CampaignMonitor.swift in Sources */,
				B2F127A71E0B84230035B20C /* PubNub.swift in Sources */,
				B22BB3A3223B346E00B43BED /* Dashlane.swift in Sources */,
				B2841CEB20BA6207004AFDB7 /* SorryService.swift in Sources */,
				B2A23E341DD192CD0051E913 /* EditorTableCell.swift in Sources */,
				194BC88222A8EAC10065E698 /* Clubhouse.swift in Sources */,
				B28DFE4721377A0B000EE4AF /* Wodby.swift in Sources */,
				B2430807210810D0003F8D07 /* Algolia.swift in Sources */,
				03C5FB131E203325003C40B8 /* Packet.swift in Sources */,
				B21DC0761F6B436400E8214F /* Aptible.swift in Sources */,
				B2253A6F209F42430039F574 /* Firebase.swift in Sources */,
				B22FDE512108A5C200359EC9 /* PayPalAPIProduction.swift in Sources */,
				B21492CB21EE9BD70065103E /* ScaleGrid.swift in Sources */,
				B26350FD1ED7CFC40069EA73 /* Loggly.swift in Sources */,
				B24220E41E2F6BBA0007E50E /* Typeform.swift in Sources */,
				2F1B7559227A095400BA5CBD /* Avalara.swift in Sources */,
				B2F127AB1E0B84F00035B20C /* Braintree.swift in Sources */,
				B225E3E01E44830F008E1D3D /* SwitchableTableViewController.swift in Sources */,
				B256955D1E247C8C00FAE413 /* Pingdom.swift in Sources */,
				B219C0DA1E2F0E9F001F8E7F /* CocoaPods.swift in Sources */,
				B22FDE4F2108A5B700359EC9 /* PayPalProductSandbox.swift in Sources */,
				B2F35F261E5D181300E3A00E /* Quay.swift in Sources */,
				B299C8451DD046F20024D2E9 /* AmazonWebServices.swift in Sources */,
				B2563BBC22CBC3D500532C39 /* DataLoader.swift in Sources */,
				B256955B1E247C8C00FAE413 /* HipChat.swift in Sources */,
				B299C8551DD051210024D2E9 /* EngineYard.swift in Sources */,
				B277BC9222B4BB5C000B55C3 /* AzureDevOps.swift in Sources */,
				B2C10F3C203646A7008E1E7D /* Gandi.swift in Sources */,
				B21308561E55594E009FCF02 /* Quandl.swift in Sources */,
				B22600311E1562E700EBDD40 /* MediaTemple.swift in Sources */,
				B205A9181D49D67700EA178D /* Service.swift in Sources */,
				B232047F22158BDF000DC1B0 /* DatadogEU.swift in Sources */,
				B2FAB94C1E5C029A00B8921F /* DNSimple.swift in Sources */,
				B2BA69801E2DA3F60016AF1A /* Papertrail.swift in Sources */,
				B28E9FBF1ED26A40006B89F1 /* Dwolla.swift in Sources */,
				B20396381EE6A06C008CCA21 /* Filestack.swift in Sources */,
				B26CD1EC1DD59FFB0054A385 /* DigitalOcean.swift in Sources */,
				B299C84D1DD04ED90024D2E9 /* Reddit.swift in Sources */,
				B2A8AE3D20710EC8002699CE /* Unsplash.swift in Sources */,
				B2DCE68D221591F2001447D8 /* LambStatusService.swift in Sources */,
				B23D4E6F1E13475900B04F18 /* KeenIO.swift in Sources */,
				B2C337A51E1417390007E110 /* Mixpanel.swift in Sources */,
				B2357D711E5C08AF0093B8A6 /* Netlify.swift in Sources */,
				B2A93ADD1EB814C000D36DD3 /* Snyk.swift in Sources */,
				7B305FAB210237AA0086DCE0 /* Spoke.swift in Sources */,
				B22FDE4821089C6200359EC9 /* PayPal.swift in Sources */,
				B232A18D20944B960066AD01 /* Cloud66.swift in Sources */,
				B22FDE532108A5CC00359EC9 /* PayPalAPISandbox.swift in Sources */,
				B2FFC1F01E261B4A00529A00 /* Dropbox.swift in Sources */,
				B2EB51CE1E7004A3001D6F78 /* ExanaService.swift in Sources */,
				B2DCE6952215ACDE001447D8 /* StringExtensions.swift in Sources */,
				B2BA697E1E2DA3A20016AF1A /* PivotalTracker.swift in Sources */,
				B20699D2214E504F008670B0 /* Robinhood.swift in Sources */,
				B22527F51E5BD0C70098E73D /* Contentful.swift in Sources */,
				B24F91231E8B51A400A77460 /* Auth0.swift in Sources */,
				B277BC9422B4BB6D000B55C3 /* AzureDevOpsStore.swift in Sources */,
				B230CE7D21B95B5D00E2005D /* Wasabi.swift in Sources */,
				2F65F490227A198400432E64 /* Recurly.swift in Sources */,
				B2F34041222630F20055C96F /* CloudApp.swift in Sources */,
				B2A4A8161DC82CE300037E99 /* BottomBar.swift in Sources */,
				B213A1791DC9EA25008E8E58 /* ServiceTableRowView.swift in Sources */,
				B2A9BFB41DC6E30F001BD4B7 /* Icons.swift in Sources */,
				B256955C1E247C8C00FAE413 /* PagerDuty.swift in Sources */,
				B2A23E321DD190EF0051E913 /* EditorTableViewController.swift in Sources */,
				B2FDC91E1D6706C400F0B728 /* CircleCI.swift in Sources */,
				B257469B1E2781A3003A07A4 /* CodeClimate.swift in Sources */,
				B23038F11E0DF3CC00B29095 /* Beanstalk.swift in Sources */,
				B2483CF12037029D00A9FA95 /* Zwift.swift in Sources */,
				B23D4E6D1E13471200B04F18 /* Intercom.swift in Sources */,
				B254642321EE9AF6003068A4 /* GitHub.swift in Sources */,
				B27090F1209F52EB0094C3D7 /* Stream.swift in Sources */,
			);
			runOnlyForDeploymentPostprocessing = 0;
		};
/* End PBXSourcesBuildPhase section */

/* Begin PBXTargetDependency section */
		B2163AFB20BA4E7500B14A85 /* PBXTargetDependency */ = {
			isa = PBXTargetDependency;
			target = B2B2D0FE1D49D5080014D780 /* stts */;
			targetProxy = B2163AFA20BA4E7500B14A85 /* PBXContainerItemProxy */;
		};
/* End PBXTargetDependency section */

/* Begin PBXVariantGroup section */
		B2B2D1061D49D5080014D780 /* MainMenu.xib */ = {
			isa = PBXVariantGroup;
			children = (
				B2B2D1071D49D5080014D780 /* Base */,
			);
			name = MainMenu.xib;
			path = .;
			sourceTree = "<group>";
		};
/* End PBXVariantGroup section */

/* Begin XCBuildConfiguration section */
		B2163AFC20BA4E7500B14A85 /* Debug */ = {
			isa = XCBuildConfiguration;
			buildSettings = {
				BUNDLE_LOADER = "$(TEST_HOST)";
				CLANG_ANALYZER_NUMBER_OBJECT_CONVERSION = YES_AGGRESSIVE;
				CLANG_CXX_LANGUAGE_STANDARD = "gnu++14";
				CLANG_ENABLE_OBJC_WEAK = YES;
				CLANG_WARN_UNGUARDED_AVAILABILITY = YES_AGGRESSIVE;
				CODE_SIGN_STYLE = Automatic;
				COMBINE_HIDPI_IMAGES = YES;
				DEVELOPMENT_TEAM = PP5UYHJQCD;
				GCC_C_LANGUAGE_STANDARD = gnu11;
				INFOPLIST_FILE = sttsTests/Info.plist;
				LD_RUNPATH_SEARCH_PATHS = "$(inherited) @executable_path/../Frameworks @loader_path/../Frameworks";
				MACOSX_DEPLOYMENT_TARGET = 10.13;
				PRODUCT_BUNDLE_IDENTIFIER = jp.mahdi.sttsTests;
				PRODUCT_NAME = "$(TARGET_NAME)";
				SWIFT_VERSION = 5.0;
				TEST_HOST = "$(BUILT_PRODUCTS_DIR)/stts.app/Contents/MacOS/stts";
			};
			name = Debug;
		};
		B2163AFD20BA4E7500B14A85 /* Release */ = {
			isa = XCBuildConfiguration;
			buildSettings = {
				BUNDLE_LOADER = "$(TEST_HOST)";
				CLANG_ANALYZER_NUMBER_OBJECT_CONVERSION = YES_AGGRESSIVE;
				CLANG_CXX_LANGUAGE_STANDARD = "gnu++14";
				CLANG_ENABLE_OBJC_WEAK = YES;
				CLANG_WARN_UNGUARDED_AVAILABILITY = YES_AGGRESSIVE;
				CODE_SIGN_IDENTITY = "Mac Developer";
				CODE_SIGN_STYLE = Automatic;
				COMBINE_HIDPI_IMAGES = YES;
				DEVELOPMENT_TEAM = PP5UYHJQCD;
				GCC_C_LANGUAGE_STANDARD = gnu11;
				INFOPLIST_FILE = sttsTests/Info.plist;
				LD_RUNPATH_SEARCH_PATHS = "$(inherited) @executable_path/../Frameworks @loader_path/../Frameworks";
				MACOSX_DEPLOYMENT_TARGET = 10.13;
				PRODUCT_BUNDLE_IDENTIFIER = jp.mahdi.sttsTests;
				PRODUCT_NAME = "$(TARGET_NAME)";
				SWIFT_VERSION = 5.0;
				TEST_HOST = "$(BUILT_PRODUCTS_DIR)/stts.app/Contents/MacOS/stts";
			};
			name = Release;
		};
		B2B2D10A1D49D5080014D780 /* Debug */ = {
			isa = XCBuildConfiguration;
			buildSettings = {
				ALWAYS_SEARCH_USER_PATHS = NO;
				CLANG_ANALYZER_LOCALIZABILITY_NONLOCALIZED = YES;
				CLANG_ANALYZER_NONNULL = YES;
				CLANG_CXX_LANGUAGE_STANDARD = "gnu++0x";
				CLANG_CXX_LIBRARY = "libc++";
				CLANG_ENABLE_MODULES = YES;
				CLANG_ENABLE_OBJC_ARC = YES;
				CLANG_WARN_BLOCK_CAPTURE_AUTORELEASING = YES;
				CLANG_WARN_BOOL_CONVERSION = YES;
				CLANG_WARN_COMMA = YES;
				CLANG_WARN_CONSTANT_CONVERSION = YES;
				CLANG_WARN_DEPRECATED_OBJC_IMPLEMENTATIONS = YES;
				CLANG_WARN_DIRECT_OBJC_ISA_USAGE = YES_ERROR;
				CLANG_WARN_DOCUMENTATION_COMMENTS = YES;
				CLANG_WARN_EMPTY_BODY = YES;
				CLANG_WARN_ENUM_CONVERSION = YES;
				CLANG_WARN_INFINITE_RECURSION = YES;
				CLANG_WARN_INT_CONVERSION = YES;
				CLANG_WARN_NON_LITERAL_NULL_CONVERSION = YES;
				CLANG_WARN_OBJC_IMPLICIT_RETAIN_SELF = YES;
				CLANG_WARN_OBJC_LITERAL_CONVERSION = YES;
				CLANG_WARN_OBJC_ROOT_CLASS = YES_ERROR;
				CLANG_WARN_RANGE_LOOP_ANALYSIS = YES;
				CLANG_WARN_STRICT_PROTOTYPES = YES;
				CLANG_WARN_SUSPICIOUS_MOVE = YES;
				CLANG_WARN_UNREACHABLE_CODE = YES;
				CLANG_WARN__DUPLICATE_METHOD_MATCH = YES;
				CODE_SIGN_IDENTITY = "Mac Developer";
				COPY_PHASE_STRIP = NO;
				DEBUG_INFORMATION_FORMAT = dwarf;
				ENABLE_STRICT_OBJC_MSGSEND = YES;
				ENABLE_TESTABILITY = YES;
				FRAMEWORK_SEARCH_PATHS = "$(PROJECT_DIR)/Carthage/Build/Mac";
				GCC_C_LANGUAGE_STANDARD = gnu99;
				GCC_DYNAMIC_NO_PIC = NO;
				GCC_NO_COMMON_BLOCKS = YES;
				GCC_OPTIMIZATION_LEVEL = 0;
				GCC_PREPROCESSOR_DEFINITIONS = (
					"DEBUG=1",
					"$(inherited)",
				);
				GCC_WARN_64_TO_32_BIT_CONVERSION = YES;
				GCC_WARN_ABOUT_RETURN_TYPE = YES_ERROR;
				GCC_WARN_UNDECLARED_SELECTOR = YES;
				GCC_WARN_UNINITIALIZED_AUTOS = YES_AGGRESSIVE;
				GCC_WARN_UNUSED_FUNCTION = YES;
				GCC_WARN_UNUSED_VARIABLE = YES;
				HEADER_SEARCH_PATHS = "$(SDKROOT)/usr/include/libxml2";
				LD_RUNPATH_SEARCH_PATHS = "@executable_path/../Frameworks";
				MACOSX_DEPLOYMENT_TARGET = 10.11;
				MTL_ENABLE_DEBUG_INFO = YES;
				ONLY_ACTIVE_ARCH = YES;
				SDKROOT = macosx;
				SWIFT_ACTIVE_COMPILATION_CONDITIONS = DEBUG;
				SWIFT_OPTIMIZATION_LEVEL = "-Onone";
			};
			name = Debug;
		};
		B2B2D10B1D49D5080014D780 /* Release */ = {
			isa = XCBuildConfiguration;
			buildSettings = {
				ALWAYS_SEARCH_USER_PATHS = NO;
				CLANG_ANALYZER_LOCALIZABILITY_NONLOCALIZED = YES;
				CLANG_ANALYZER_NONNULL = YES;
				CLANG_CXX_LANGUAGE_STANDARD = "gnu++0x";
				CLANG_CXX_LIBRARY = "libc++";
				CLANG_ENABLE_MODULES = YES;
				CLANG_ENABLE_OBJC_ARC = YES;
				CLANG_WARN_BLOCK_CAPTURE_AUTORELEASING = YES;
				CLANG_WARN_BOOL_CONVERSION = YES;
				CLANG_WARN_COMMA = YES;
				CLANG_WARN_CONSTANT_CONVERSION = YES;
				CLANG_WARN_DEPRECATED_OBJC_IMPLEMENTATIONS = YES;
				CLANG_WARN_DIRECT_OBJC_ISA_USAGE = YES_ERROR;
				CLANG_WARN_DOCUMENTATION_COMMENTS = YES;
				CLANG_WARN_EMPTY_BODY = YES;
				CLANG_WARN_ENUM_CONVERSION = YES;
				CLANG_WARN_INFINITE_RECURSION = YES;
				CLANG_WARN_INT_CONVERSION = YES;
				CLANG_WARN_NON_LITERAL_NULL_CONVERSION = YES;
				CLANG_WARN_OBJC_IMPLICIT_RETAIN_SELF = YES;
				CLANG_WARN_OBJC_LITERAL_CONVERSION = YES;
				CLANG_WARN_OBJC_ROOT_CLASS = YES_ERROR;
				CLANG_WARN_RANGE_LOOP_ANALYSIS = YES;
				CLANG_WARN_STRICT_PROTOTYPES = YES;
				CLANG_WARN_SUSPICIOUS_MOVE = YES;
				CLANG_WARN_UNREACHABLE_CODE = YES;
				CLANG_WARN__DUPLICATE_METHOD_MATCH = YES;
				CODE_SIGN_IDENTITY = "Mac Developer";
				COPY_PHASE_STRIP = NO;
				DEBUG_INFORMATION_FORMAT = "dwarf-with-dsym";
				ENABLE_NS_ASSERTIONS = NO;
				ENABLE_STRICT_OBJC_MSGSEND = YES;
				FRAMEWORK_SEARCH_PATHS = "$(PROJECT_DIR)/Carthage/Build/Mac";
				GCC_C_LANGUAGE_STANDARD = gnu99;
				GCC_NO_COMMON_BLOCKS = YES;
				GCC_WARN_64_TO_32_BIT_CONVERSION = YES;
				GCC_WARN_ABOUT_RETURN_TYPE = YES_ERROR;
				GCC_WARN_UNDECLARED_SELECTOR = YES;
				GCC_WARN_UNINITIALIZED_AUTOS = YES_AGGRESSIVE;
				GCC_WARN_UNUSED_FUNCTION = YES;
				GCC_WARN_UNUSED_VARIABLE = YES;
				HEADER_SEARCH_PATHS = "$(SDKROOT)/usr/include/libxml2";
				LD_RUNPATH_SEARCH_PATHS = "@executable_path/../Frameworks";
				MACOSX_DEPLOYMENT_TARGET = 10.11;
				MTL_ENABLE_DEBUG_INFO = NO;
				SDKROOT = macosx;
				SWIFT_OPTIMIZATION_LEVEL = "-Owholemodule";
			};
			name = Release;
		};
		B2B2D10D1D49D5080014D780 /* Debug */ = {
			isa = XCBuildConfiguration;
			buildSettings = {
				ALWAYS_EMBED_SWIFT_STANDARD_LIBRARIES = YES;
				ASSETCATALOG_COMPILER_APPICON_NAME = AppIcon;
				CODE_SIGN_ENTITLEMENTS = stts/stts.entitlements;
				CODE_SIGN_IDENTITY = "Mac Developer";
				CODE_SIGN_STYLE = Automatic;
				COMBINE_HIDPI_IMAGES = YES;
				DEVELOPMENT_TEAM = "";
				INFOPLIST_FILE = Resources/Info.plist;
				OTHER_SWIFT_FLAGS = "-Xfrontend -warn-long-function-bodies=300 -Xfrontend -warn-long-expression-type-checking=200";
				PRODUCT_BUNDLE_IDENTIFIER = jp.mahdi.stts;
				PRODUCT_NAME = "$(TARGET_NAME)";
				PROVISIONING_PROFILE_SPECIFIER = "";
				SWIFT_VERSION = 5.0;
			};
			name = Debug;
		};
		B2B2D10E1D49D5080014D780 /* Release */ = {
			isa = XCBuildConfiguration;
			buildSettings = {
				ALWAYS_EMBED_SWIFT_STANDARD_LIBRARIES = YES;
				ASSETCATALOG_COMPILER_APPICON_NAME = AppIcon;
				CODE_SIGN_ENTITLEMENTS = stts/stts.entitlements;
				CODE_SIGN_IDENTITY = "Mac Developer";
				CODE_SIGN_STYLE = Automatic;
				COMBINE_HIDPI_IMAGES = YES;
				DEVELOPMENT_TEAM = "";
				INFOPLIST_FILE = Resources/Info.plist;
				OTHER_SWIFT_FLAGS = "-Xfrontend -warn-long-function-bodies=300 -Xfrontend -warn-long-expression-type-checking=200";
				PRODUCT_BUNDLE_IDENTIFIER = jp.mahdi.stts;
				PRODUCT_NAME = "$(TARGET_NAME)";
				PROVISIONING_PROFILE_SPECIFIER = "";
				SWIFT_VERSION = 5.0;
			};
			name = Release;
		};
/* End XCBuildConfiguration section */

/* Begin XCConfigurationList section */
		B2163AFE20BA4E7500B14A85 /* Build configuration list for PBXNativeTarget "sttsTests" */ = {
			isa = XCConfigurationList;
			buildConfigurations = (
				B2163AFC20BA4E7500B14A85 /* Debug */,
				B2163AFD20BA4E7500B14A85 /* Release */,
			);
			defaultConfigurationIsVisible = 0;
			defaultConfigurationName = Release;
		};
		B2B2D0FA1D49D5080014D780 /* Build configuration list for PBXProject "stts" */ = {
			isa = XCConfigurationList;
			buildConfigurations = (
				B2B2D10A1D49D5080014D780 /* Debug */,
				B2B2D10B1D49D5080014D780 /* Release */,
			);
			defaultConfigurationIsVisible = 0;
			defaultConfigurationName = Release;
		};
		B2B2D10C1D49D5080014D780 /* Build configuration list for PBXNativeTarget "stts" */ = {
			isa = XCConfigurationList;
			buildConfigurations = (
				B2B2D10D1D49D5080014D780 /* Debug */,
				B2B2D10E1D49D5080014D780 /* Release */,
			);
			defaultConfigurationIsVisible = 0;
			defaultConfigurationName = Release;
		};
/* End XCConfigurationList section */
	};
	rootObject = B2B2D0F71D49D5080014D780 /* Project object */;
}
