{
  "originHash" : "66c5009dc2db0bbef7674d4606e17b47c15136beff34683462ce9d911dc59d79",
  "pins" : [
    {
      "identity" : "kanna",
      "kind" : "remoteSourceControl",
      "location" : "https://github.com/tid-kijyun/Kanna",
      "state" : {
        "revision" : "41c3d28ea0eac07e4551b28def9de1ede702e739",
        "version" : "5.3.0"
      }
    },
    {
      "identity" : "mbpopup",
      "kind" : "remoteSourceControl",
      "location" : "https://github.com/inket/MBPopup",
      "state" : {
        "revision" : "67fdeb6607c75e47f5b6361125e627816d36dddc",
        "version" : "6.0.1"
      }
    },
    {
      "identity" : "reachability.swift",
      "kind" : "remoteSourceControl",
      "location" : "https://github.com/ashleymills/Reachability.swift",
      "state" : {
        "branch" : "master",
        "revision" : "21d1dc412cfecbe6e34f1f4c4eb88d3f912654a6"
      }
    }
  ],
  "version" : 3
}
